<?xml version="1.0" encoding="utf-8"?>
<Project ToolsVersion="4.0" xmlns="http://schemas.microsoft.com/developer/msbuild/2003">
  <ItemGroup>
    <ClCompile Include="BackDoor\Localization.cpp" />
    <ClCompile Include="NonPublished\ConnectionManagerTests.cpp" />
    <ClCompile Include="NonPublished\DefaultCategorySupplierTests.cpp" />
    <ClCompile Include="NonPublished\DefaultECPresentationSerializerTests.cpp" />
    <ClCompile Include="NonPublished\DefaultPropertyFormatterTests.cpp" />
    <ClCompile Include="NonPublished\Integration\Content\ContentIntegrationTests.cpp" />
    <ClCompile Include="NonPublished\Integration\Content\ContentUpdateTests.cpp" />
    <ClCompile Include="NonPublished\Integration\Content\LocatingClasses.cpp" />
    <ClCompile Include="NonPublished\Integration\Hierarchies\HierarchyIntegrationTests.cpp" />
    <ClCompile Include="NonPublished\Integration\Hierarchies\HierarchyUpdateTests.cpp" />
    <ClCompile Include="NonPublished\Integration\PresentationManagerIntegrationTests.cpp" />
    <ClCompile Include="NonPublished\PresentationRulesetTesterTests.cpp" />
    <ClCompile Include="NonPublished\PresentationRules\AllInstanceNodesSpecificationTests.cpp" />
    <ClCompile Include="NonPublished\PresentationRules\AllRelatedInstanceNodesSpecificationTests.cpp" />
    <ClCompile Include="NonPublished\PresentationRules\CheckBoxPresRuleTests.cpp" />
    <ClCompile Include="NonPublished\PresentationRules\CheckBoxRuleTests.cpp" />
    <ClCompile Include="NonPublished\PresentationRules\ChildNodeRuleTests.cpp" />
    <ClCompile Include="NonPublished\PresentationRules\ClassNamesParserTests.cpp" />
    <ClCompile Include="NonPublished\PresentationRules\ContentInstancesOfSpecificClassesSpecificationTests.cpp" />
    <ClCompile Include="NonPublished\PresentationRules\ContentModifierTests.cpp" />
    <ClCompile Include="NonPublished\PresentationRules\ContentRelatedInstancesSpecificationTests.cpp" />
    <ClCompile Include="NonPublished\PresentationRules\ContentRuleTests.cpp" />
    <ClCompile Include="NonPublished\PresentationRules\ContentSpecificationTests.cpp" />
    <ClCompile Include="NonPublished\PresentationRules\CustomNodeSpecificationTests.cpp" />
    <ClCompile Include="NonPublished\PresentationRules\ExtendedDataRuleTests.cpp" />
    <ClCompile Include="NonPublished\PresentationRules\GroupingRuleTests.cpp" />
    <ClCompile Include="NonPublished\PresentationRules\ImageIdOverrideTests.cpp" />
    <ClCompile Include="NonPublished\PresentationRules\InstanceLabelOverrideTests.cpp" />
    <ClCompile Include="NonPublished\PresentationRules\InstanceNodesOfSpecificClassesSpecificationTests.cpp" />
    <ClCompile Include="NonPublished\PresentationRules\LabelOverrideTests.cpp" />
    <ClCompile Include="NonPublished\PresentationRules\LocalizationResourceKeyDefinitionTests.cpp" />
    <ClCompile Include="NonPublished\PresentationRules\NodeArtifactsRuleTests.cpp" />
    <ClCompile Include="NonPublished\PresentationRules\PresentationRuleSetTests.cpp" />
    <ClCompile Include="NonPublished\PresentationRules\PresentationRulesHashingTests.cpp" />
    <ClCompile Include="NonPublished\PresentationRules\PropertyCategorySpecificationTests.cpp" />
    <ClCompile Include="NonPublished\PresentationRules\PropertyEditorRulesTests.cpp" />
    <ClCompile Include="NonPublished\PresentationRules\PropertySpecificationTests.cpp" />
    <ClCompile Include="NonPublished\PresentationRules\RelatedInstanceNodesSpecificationTests.cpp" />
    <ClCompile Include="NonPublished\PresentationRules\RelatedInstanceSpecificationTests.cpp" />
    <ClCompile Include="NonPublished\PresentationRules\RelatedPropertiesSpecificationTests.cpp" />
    <ClCompile Include="NonPublished\PresentationRules\RelationshipPathSpecificationTests.cpp" />
    <ClCompile Include="NonPublished\PresentationRules\SearchResultInstanceNodesSpecificationTests.cpp" />
    <ClCompile Include="NonPublished\PresentationRules\SelectedNodeInstancesSpecificationTests.cpp" />
    <ClCompile Include="NonPublished\PresentationRules\SortingRuleTests.cpp" />
    <ClCompile Include="NonPublished\PresentationRules\StyleOverrideTests.cpp" />
    <ClCompile Include="NonPublished\PresentationRules\UserSettingsGroupTests.cpp" />
    <ClCompile Include="NonPublished\RelatedClassPathTests.cpp" />
    <ClCompile Include="NonPublished\RulesEngine\CheckboxRuleTests.cpp" />
    <ClCompile Include="NonPublished\RulesEngine\ContentCacheTests.cpp" />
    <ClCompile Include="NonPublished\RulesEngine\ContentFieldEditorParamsTests.cpp" />
    <ClCompile Include="NonPublished\RulesEngine\ContentProviderTests.cpp" />
    <ClCompile Include="NonPublished\RulesEngine\ContentQueryBuilderTests.cpp" />
    <ClCompile Include="NonPublished\RulesEngine\ContentQueryBuilderTests_ContentInstancesOfSpecificClasses.cpp" />
    <ClCompile Include="NonPublished\RulesEngine\ContentQueryBuilderTests_ContentRelatedInstances.cpp" />
    <ClCompile Include="NonPublished\RulesEngine\ContentQueryBuilderTests_NestedContentField.cpp" />
    <ClCompile Include="NonPublished\RulesEngine\ContentQueryBuilderTests_SelectedNodeInstances.cpp" />
    <ClCompile Include="NonPublished\RulesEngine\CustomFunctionTests.cpp" />
    <ClCompile Include="NonPublished\RulesEngine\CustomizationHelperTests.cpp" />
    <ClCompile Include="NonPublished\RulesEngine\CustomNodesProviderTests.cpp" />
    <ClCompile Include="NonPublished\RulesEngine\ECDbTestProject.cpp" />
    <ClCompile Include="NonPublished\RulesEngine\ECExpressionContextsProviderTests.cpp" />
    <ClCompile Include="NonPublished\RulesEngine\ECExpressionsOptimizerTests.cpp" />
    <ClCompile Include="NonPublished\RulesEngine\ECExpressionsToECSqlConverterTests.cpp" />
    <ClCompile Include="NonPublished\RulesEngine\ECSchemaHelperTests.cpp" />
    <ClCompile Include="NonPublished\RulesEngine\ExpectedQueriesTests.cpp" />
    <ClCompile Include="NonPublished\RulesEngine\LocalizationTests.cpp" />
    <ClCompile Include="NonPublished\RulesEngine\MultiSpecificationNodesProviderTests.cpp" />
    <ClCompile Include="NonPublished\RulesEngine\NavigationQueryBuilderTests.cpp" />
    <ClCompile Include="NonPublished\RulesEngine\NavigationQueryBuilderTests_AllInstanceNodes.cpp" />
    <ClCompile Include="NonPublished\RulesEngine\NavigationQueryBuilderTests_AllRelatedInstanceNodes.cpp" />
    <ClCompile Include="NonPublished\RulesEngine\NavigationQueryBuilderTests_GroupingRule.cpp" />
    <ClCompile Include="NonPublished\RulesEngine\NavigationQueryBuilderTests_InstancesOfSpecificClasses.cpp" />
    <ClCompile Include="NonPublished\RulesEngine\NavigationQueryBuilderTests_RelatedInstanceNodes.cpp" />
    <ClCompile Include="NonPublished\RulesEngine\NavigationQueryBuilderTests_SearchNode.cpp" />
    <ClCompile Include="NonPublished\RulesEngine\NavigationQueryBuilderTests_SortingRule.cpp" />
    <ClCompile Include="NonPublished\RulesEngine\NavigationQueryTests.cpp" />
    <ClCompile Include="NonPublished\RulesEngine\LabelDefinitionTests.cpp" />
    <ClCompile Include="NonPublished\RulesEngine\NavNodesCacheTests.cpp" />
    <ClCompile Include="NonPublished\RulesEngine\NavNodesDataSourceTests.cpp" />
    <ClCompile Include="NonPublished\RulesEngine\NavNodeTests.cpp" />
    <ClCompile Include="NonPublished\RulesEngine\NodesProviderTests.cpp" />
    <ClCompile Include="NonPublished\RulesEngine\OptimizedExpressionsEvaluationTests.cpp" />
    <ClCompile Include="NonPublished\RulesEngine\PresentationManagerImplTests.cpp" />
    <ClCompile Include="NonPublished\RulesEngine\PresentationManagerMultithreadingTests.cpp" />
    <ClCompile Include="NonPublished\RulesEngine\PresentationManagerTests.cpp" />
    <ClCompile Include="NonPublished\RulesEngine\QueryBasedNodesProviderTests.cpp" />
    <ClCompile Include="NonPublished\RulesEngine\QueryBasedSpecificationNodesProviderTests.cpp" />
    <ClCompile Include="NonPublished\RulesEngine\QueryExecutorTests.cpp" />
    <ClCompile Include="NonPublished\RulesEngine\RuleSetEmbedderTests.cpp" />
    <ClCompile Include="NonPublished\RulesEngine\RuleSetLocaterTests.cpp" />
    <ClCompile Include="NonPublished\RulesEngine\RulesPreprocessorTests.cpp" />
    <ClCompile Include="NonPublished\RulesEngine\TasksSchedulerTests.cpp" />
    <ClCompile Include="NonPublished\RulesEngine\TestHelpers.cpp" />
    <ClCompile Include="NonPublished\RulesEngine\TestNavNode.cpp" />
    <ClCompile Include="NonPublished\RulesEngine\UserSettingsTests.cpp" />
    <ClCompile Include="TestHelpers\ECPresentationTest.cpp" />
    <ClCompile Include="TestHelpers\IssueReporter.cpp" />
    <ClCompile Include="TestHelpers\PresentationRulesetTest.cpp" />
    <ClCompile Include="TestHelpers\TestRuleSetLocater.cpp" />
    <ClCompile Include="NonPublished\Integration\Hierarchies\HierarchiesCompareTests.cpp" />
    <ClCompile Include="NonPublished\RulesEngine\RulesetVariablesTests.cpp" />
  </ItemGroup>
  <ItemGroup>
    <ClInclude Include="BackDoor\PublicAPI\BackDoor\ECPresentation\Localization.h" />
    <ClInclude Include="NonPublished\Integration\PresentationManagerIntegrationTests.h" />
    <ClInclude Include="NonPublished\PresentationRules\PresentationRulesTests.h" />
    <ClInclude Include="NonPublished\RulesEngine\ContentProviderTests.h" />
    <ClInclude Include="NonPublished\RulesEngine\ECDbTestProject.h" />
    <ClInclude Include="NonPublished\RulesEngine\ECSchemaHelperTests.h" />
    <ClInclude Include="NonPublished\RulesEngine\ExpectedQueries.h" />
    <ClInclude Include="NonPublished\RulesEngine\NodesProviderTests.h" />
    <ClInclude Include="NonPublished\RulesEngine\QueryBuilderTests.h" />
    <ClInclude Include="NonPublished\RulesEngine\QueryExecutorTests.h" />
    <ClInclude Include="NonPublished\RulesEngine\RulesDrivenECPresentationManagerImplBase.h" />
    <ClInclude Include="NonPublished\RulesEngine\StubRulesDrivenECPresentationManagerImpl.h" />
    <ClInclude Include="NonPublished\RulesEngine\TestHelpers.h" />
    <ClInclude Include="NonPublished\RulesEngine\TestLocalizationProvider.h" />
    <ClInclude Include="NonPublished\RulesEngine\TestNavNode.h" />
    <ClInclude Include="NonPublished\RulesEngine\TestNodesProvider.h" />
    <ClInclude Include="NonPublished\RulesEngine\TestRulesDrivenECPresentationManagerImpl.h" />
    <ClInclude Include="TestHelpers\ECPresentationTest.h" />
    <ClInclude Include="TestHelpers\IssueReporter.h" />
    <ClInclude Include="TestHelpers\PresentationRulesetTest.h" />
    <ClInclude Include="TestHelpers\TestConnectionCache.h" />
    <ClInclude Include="TestHelpers\TestECPresentationManager.h" />
    <ClInclude Include="TestHelpers\TestRuleSetLocater.h" />
    <ClInclude Include="TestHelpers\TestSelectionProvider.h" />
    <ClInclude Include="TestHelpers\TestUserSettings.h" />
  </ItemGroup>
</Project>