<?xml version="1.0" encoding="utf-8"?>
<Project ToolsVersion="4.0" xmlns="http://schemas.microsoft.com/developer/msbuild/2003">
  <ItemGroup>
    <Text Include="ignore_list.txt" />
  </ItemGroup>
  <ItemGroup>
    <None Include="BuildTests.mke" />
    <None Include="Prewire.mke" />
  </ItemGroup>
  <ItemGroup>
    <ClCompile Include="NonPublished\AccessKeyClientIntegrationTests.cpp" />
    <ClCompile Include="NonPublished\ClientIntegrationTests.cpp" />
    <ClCompile Include="NonPublished\DummyPolicyHelper.cpp" />
    <ClCompile Include="NonPublished\SaasClientIntegrationTests.cpp" />
    <ClCompile Include="NonPublished\TestsHelper.cpp" />
  </ItemGroup>
  <ItemGroup>
    <ClInclude Include="NonPublished\AccessKeyClientIntegrationTests.h" />
    <ClInclude Include="NonPublished\ClientIntegrationTests.h" />
    <ClInclude Include="NonPublished\DummyPolicyHelper.h" />
    <ClInclude Include="NonPublished\SaasClientIntegrationTests.h" />
    <ClInclude Include="NonPublished\TestsHelper.h" />
  </ItemGroup>
</Project>