<?xml version="1.0" encoding="utf-8"?>
<Project ToolsVersion="4.0" xmlns="http://schemas.microsoft.com/developer/msbuild/2003">
  <ItemGroup>
    <Filter Include="Source Files">
      <UniqueIdentifier>{4FC737F1-C7A5-4376-A066-2A32D752A2FF}</UniqueIdentifier>
      <Extensions>cpp;c;cc;cxx;def;odl;idl;hpj;bat;asm;asmx</Extensions>
    </Filter>
    <Filter Include="Header Files">
      <UniqueIdentifier>{93995380-89BD-4b04-88EB-625FBE52EBFB}</UniqueIdentifier>
      <Extensions>h;hh;hpp;hxx;hm;inl;inc;xsd</Extensions>
    </Filter>
    <Filter Include="Resource Files">
      <UniqueIdentifier>{67DA6AB6-F800-4c08-8B7A-83BB121AAD01}</UniqueIdentifier>
      <Extensions>rc;ico;cur;bmp;dlg;rc2;rct;bin;rgs;gif;jpg;jpeg;jpe;resx;tiff;tif;png;wav;mfcribbon-ms</Extensions>
    </Filter>
  </ItemGroup>
  <ItemGroup>
    <ClInclude Include="PublicAPI\Bentley\btree\btree.h">
      <Filter>Header Files</Filter>
    </ClInclude>
    <ClInclude Include="PublicAPI\Bentley\btree\btree_container.h">
      <Filter>Header Files</Filter>
    </ClInclude>
    <ClInclude Include="PublicAPI\Bentley\btree\btree_map.h">
      <Filter>Header Files</Filter>
    </ClInclude>
    <ClInclude Include="PublicAPI\Bentley\btree\btree_set.h">
      <Filter>Header Files</Filter>
    </ClInclude>
    <ClInclude Include="PublicAPI\Bentley\stdcxx\rw\_config.h">
      <Filter>Header Files</Filter>
    </ClInclude>
    <ClInclude Include="PublicAPI\Bentley\stdcxx\rw\_config-gcc.h">
      <Filter>Header Files</Filter>
    </ClInclude>
    <ClInclude Include="PublicAPI\Bentley\stdcxx\rw\_config-msvc.h">
      <Filter>Header Files</Filter>
    </ClInclude>
    <ClInclude Include="PublicAPI\Bentley\stdcxx\rw\_config-msvcrt.h">
      <Filter>Header Files</Filter>
    </ClInclude>
    <ClInclude Include="PublicAPI\Bentley\stdcxx\rw\_defs.h">
      <Filter>Header Files</Filter>
    </ClInclude>
    <ClInclude Include="PublicAPI\Bentley\stdcxx\rw\_iterbase.h">
      <Filter>Header Files</Filter>
    </ClInclude>
    <ClInclude Include="PublicAPI\Bentley\stdcxx\rw\_select.h">
      <Filter>Header Files</Filter>
    </ClInclude>
    <ClInclude Include="PublicAPI\Bentley\stdcxx\rw\_specialized.h">
      <Filter>Header Files</Filter>
    </ClInclude>
    <ClInclude Include="PublicAPI\Bentley\stdcxx\rw\_strref.h">
      <Filter>Header Files</Filter>
    </ClInclude>
    <ClInclude Include="PublicAPI\Bentley\stdcxx\rw\bc___rb_tree.h">
      <Filter>Header Files</Filter>
    </ClInclude>
    <ClInclude Include="PublicAPI\Bentley\stdcxx\rw\bc___rb_tree_cc.h">
      <Filter>Header Files</Filter>
    </ClInclude>
    <ClInclude Include="PublicAPI\Bentley\stdcxx\rw\bpair.h">
      <Filter>Header Files</Filter>
    </ClInclude>
    <ClInclude Include="PublicAPI\Bentley\stdcxx\rw\config.h">
      <Filter>Header Files</Filter>
    </ClInclude>
    <ClInclude Include="PublicAPI\Bentley\stdcxx\basic_string.h">
      <Filter>Header Files</Filter>
    </ClInclude>
    <ClInclude Include="PublicAPI\Bentley\stdcxx\basic_string_cc.h">
      <Filter>Header Files</Filter>
    </ClInclude>
    <ClInclude Include="PublicAPI\Bentley\stdcxx\bstdmap.h">
      <Filter>Header Files</Filter>
    </ClInclude>
    <ClInclude Include="PublicAPI\Bentley\stdcxx\bstdset.h">
      <Filter>Header Files</Filter>
    </ClInclude>
    <ClInclude Include="PublicAPI\Bentley\stdcxx\bvector.h">
      <Filter>Header Files</Filter>
    </ClInclude>
    <ClInclude Include="PublicAPI\Bentley\stdcxx\bvector_cc.h">
      <Filter>Header Files</Filter>
    </ClInclude>
    <ClInclude Include="PublicAPI\Bentley\Tasks\AsyncError.h">
      <Filter>Header Files</Filter>
    </ClInclude>
    <ClInclude Include="PublicAPI\Bentley\Tasks\AsyncResult.h">
      <Filter>Header Files</Filter>
    </ClInclude>
    <ClInclude Include="PublicAPI\Bentley\Tasks\AsyncTask.h">
      <Filter>Header Files</Filter>
    </ClInclude>
    <ClInclude Include="PublicAPI\Bentley\Tasks\AsyncTaskRunner.h">
      <Filter>Header Files</Filter>
    </ClInclude>
    <ClInclude Include="PublicAPI\Bentley\Tasks\AsyncTaskRunnerFactory.h">
      <Filter>Header Files</Filter>
    </ClInclude>
    <ClInclude Include="PublicAPI\Bentley\Tasks\AsyncTaskRunnerPool.h">
      <Filter>Header Files</Filter>
    </ClInclude>
    <ClInclude Include="PublicAPI\Bentley\Tasks\AsyncTasksManager.h">
      <Filter>Header Files</Filter>
    </ClInclude>
    <ClInclude Include="PublicAPI\Bentley\Tasks\ConcurrentQueue.h">
      <Filter>Header Files</Filter>
    </ClInclude>
    <ClInclude Include="PublicAPI\Bentley\Tasks\ITaskRunner.h">
      <Filter>Header Files</Filter>
    </ClInclude>
    <ClInclude Include="PublicAPI\Bentley\Tasks\LimitingTaskQueue.h">
      <Filter>Header Files</Filter>
    </ClInclude>
    <ClInclude Include="PublicAPI\Bentley\Tasks\Tasks.h">
      <Filter>Header Files</Filter>
    </ClInclude>
    <ClInclude Include="PublicAPI\Bentley\Tasks\TaskScheduler.h">
      <Filter>Header Files</Filter>
    </ClInclude>
    <ClInclude Include="PublicAPI\Bentley\Tasks\UniqueTaskHolder.h">
      <Filter>Header Files</Filter>
    </ClInclude>
    <ClInclude Include="PublicAPI\Bentley\Tasks\WorkerThread.h">
      <Filter>Header Files</Filter>
    </ClInclude>
    <ClInclude Include="PublicAPI\Bentley\Tasks\WorkerThreadPool.h">
      <Filter>Header Files</Filter>
    </ClInclude>
    <ClInclude Include="PublicAPI\Bentley\Base64Utilities.h">
      <Filter>Header Files</Filter>
    </ClInclude>
    <ClInclude Include="PublicAPI\Bentley\BeAssert.h">
      <Filter>Header Files</Filter>
    </ClInclude>
    <ClInclude Include="PublicAPI\Bentley\BeAtomic.h">
      <Filter>Header Files</Filter>
    </ClInclude>
    <ClInclude Include="PublicAPI\Bentley\BeConsole.h">
      <Filter>Header Files</Filter>
    </ClInclude>
    <ClInclude Include="PublicAPI\Bentley\BeDebugLog.h">
      <Filter>Header Files</Filter>
    </ClInclude>
    <ClInclude Include="PublicAPI\Bentley\BeDirectoryIterator.h">
      <Filter>Header Files</Filter>
    </ClInclude>
    <ClInclude Include="PublicAPI\Bentley\BeFile.h">
      <Filter>Header Files</Filter>
    </ClInclude>
    <ClInclude Include="PublicAPI\Bentley\BeFileListIterator.h">
      <Filter>Header Files</Filter>
    </ClInclude>
    <ClInclude Include="PublicAPI\Bentley\BeFileName.h">
      <Filter>Header Files</Filter>
    </ClInclude>
    <ClInclude Include="PublicAPI\Bentley\BeIconUtilities.h">
      <Filter>Header Files</Filter>
    </ClInclude>
    <ClInclude Include="PublicAPI\Bentley\BeId.h">
      <Filter>Header Files</Filter>
    </ClInclude>
    <ClInclude Include="PublicAPI\Bentley\BeJStringUtilities.h">
      <Filter>Header Files</Filter>
    </ClInclude>
    <ClInclude Include="PublicAPI\Bentley\Bentley.h">
      <Filter>Header Files</Filter>
    </ClInclude>
    <ClInclude Include="PublicAPI\Bentley\Bentley.r.h">
      <Filter>Header Files</Filter>
    </ClInclude>
    <ClInclude Include="PublicAPI\Bentley\BentleyAllocator.h">
      <Filter>Header Files</Filter>
    </ClInclude>
    <ClInclude Include="PublicAPI\Bentley\BentleyConfig.h">
      <Filter>Header Files</Filter>
    </ClInclude>
    <ClInclude Include="PublicAPI\Bentley\BentleyPortable.h">
      <Filter>Header Files</Filter>
    </ClInclude>
    <ClInclude Include="PublicAPI\Bentley\BeNumerical.h">
      <Filter>Header Files</Filter>
    </ClInclude>
    <ClInclude Include="PublicAPI\Bentley\BeSharedMutex.h">
      <Filter>Header Files</Filter>
    </ClInclude>
    <ClInclude Include="PublicAPI\Bentley\BeStringUtilities.h">
      <Filter>Header Files</Filter>
    </ClInclude>
    <ClInclude Include="PublicAPI\Bentley\BeSystemInfo.h">
      <Filter>Header Files</Filter>
    </ClInclude>
    <ClInclude Include="PublicAPI\Bentley\BeTest.h">
      <Filter>Header Files</Filter>
    </ClInclude>
    <ClInclude Include="PublicAPI\Bentley\BeTextFile.h">
      <Filter>Header Files</Filter>
    </ClInclude>
    <ClInclude Include="PublicAPI\Bentley\BeThread.h">
      <Filter>Header Files</Filter>
    </ClInclude>
    <ClInclude Include="PublicAPI\Bentley\BeThreadLocalStorage.h">
      <Filter>Header Files</Filter>
    </ClInclude>
    <ClInclude Include="PublicAPI\Bentley\BeTimeUtilities.h">
      <Filter>Header Files</Filter>
    </ClInclude>
    <ClInclude Include="PublicAPI\Bentley\BeVersion.h">
      <Filter>Header Files</Filter>
    </ClInclude>
    <ClInclude Include="PublicAPI\Bentley\bmap.h">
      <Filter>Header Files</Filter>
    </ClInclude>
    <ClInclude Include="PublicAPI\Bentley\bpool.h">
      <Filter>Header Files</Filter>
    </ClInclude>
    <ClInclude Include="PublicAPI\Bentley\bset.h">
      <Filter>Header Files</Filter>
    </ClInclude>
    <ClInclude Include="PublicAPI\Bentley\bstdmap.h">
      <Filter>Header Files</Filter>
    </ClInclude>
    <ClInclude Include="PublicAPI\Bentley\bstdset.h">
      <Filter>Header Files</Filter>
    </ClInclude>
    <ClInclude Include="PublicAPI\Bentley\bvector.h">
      <Filter>Header Files</Filter>
    </ClInclude>
    <ClInclude Include="PublicAPI\Bentley\ByteStream.h">
      <Filter>Header Files</Filter>
    </ClInclude>
    <ClInclude Include="PublicAPI\Bentley\CatchNonPortable.h">
      <Filter>Header Files</Filter>
    </ClInclude>
    <ClInclude Include="PublicAPI\Bentley\CodePages.h">
      <Filter>Header Files</Filter>
    </ClInclude>
    <ClInclude Include="PublicAPI\Bentley\DateTime.h">
      <Filter>Header Files</Filter>
    </ClInclude>
    <ClInclude Include="PublicAPI\Bentley\DirectoryObserver.h">
      <Filter>Header Files</Filter>
    </ClInclude>
    <ClInclude Include="PublicAPI\Bentley\GlobalHandleContainer.h">
      <Filter>Header Files</Filter>
    </ClInclude>
    <ClInclude Include="PublicAPI\Bentley\HeapZone.h">
      <Filter>Header Files</Filter>
    </ClInclude>
    <ClInclude Include="PublicAPI\Bentley\Iota.h">
      <Filter>Header Files</Filter>
    </ClInclude>
    <ClInclude Include="PublicAPI\Bentley\LocalState.h">
      <Filter>Header Files</Filter>
    </ClInclude>
    <ClInclude Include="PublicAPI\Bentley\md5.h">
      <Filter>Header Files</Filter>
    </ClInclude>
    <ClInclude Include="PublicAPI\Bentley\NonCopyableClass.h">
      <Filter>Header Files</Filter>
    </ClInclude>
    <ClInclude Include="PublicAPI\Bentley\Nullable.h">
      <Filter>Header Files</Filter>
    </ClInclude>
    <ClInclude Include="PublicAPI\Bentley\PerformanceLogger.h">
      <Filter>Header Files</Filter>
    </ClInclude>
    <ClInclude Include="PublicAPI\Bentley\PTypesU.h">
      <Filter>Header Files</Filter>
    </ClInclude>
    <ClInclude Include="PublicAPI\Bentley\RefCounted.h">
      <Filter>Header Files</Filter>
    </ClInclude>
    <ClInclude Include="PublicAPI\Bentley\ReleaseMarshaller.h">
      <Filter>Header Files</Filter>
    </ClInclude>
    <ClInclude Include="PublicAPI\Bentley\ScopedArray.h">
      <Filter>Header Files</Filter>
    </ClInclude>
    <ClInclude Include="PublicAPI\Bentley\SHA1.h">
      <Filter>Header Files</Filter>
    </ClInclude>
    <ClInclude Include="PublicAPI\Bentley\simple_segregated_storage.h">
      <Filter>Header Files</Filter>
    </ClInclude>
    <ClInclude Include="PublicAPI\Bentley\suppress_warnings.h">
      <Filter>Header Files</Filter>
    </ClInclude>
    <ClInclude Include="PublicAPI\Bentley\ValueFormat.h">
      <Filter>Header Files</Filter>
    </ClInclude>
    <ClInclude Include="PublicAPI\Bentley\ValueFormat.r.h">
      <Filter>Header Files</Filter>
    </ClInclude>
    <ClInclude Include="PublicAPI\Bentley\WString.h">
      <Filter>Header Files</Filter>
    </ClInclude>
    <ClInclude Include="PublicAPI\BentleyManagedUtil\ScopedDisposable.h">
      <Filter>Header Files</Filter>
    </ClInclude>
    <ClInclude Include="PublicAPI\BentleyManagedUtil\StringInterop.h">
      <Filter>Header Files</Filter>
    </ClInclude>
    <ClInclude Include="PublicAPI\Logging\bentleylogging.h">
      <Filter>Header Files</Filter>
    </ClInclude>
    <ClInclude Include="Tasks\ThreadingLogging.h">
      <Filter>Header Files</Filter>
    </ClInclude>
    <ClInclude Include="Bentley\nonport\utf8\checked.h">
      <Filter>Header Files</Filter>
    </ClInclude>
    <ClInclude Include="Bentley\nonport\utf8\core.h">
      <Filter>Header Files</Filter>
    </ClInclude>
    <ClInclude Include="Bentley\nonport\utf8\unchecked.h">
      <Filter>Header Files</Filter>
    </ClInclude>
    <ClInclude Include="Bentley\nonport\strfunc.h">
      <Filter>Header Files</Filter>
    </ClInclude>
    <ClInclude Include="Bentley\nonport\utf8.h">
      <Filter>Header Files</Filter>
    </ClInclude>
    <ClInclude Include="Bentley\BentleyInternal.h">
      <Filter>Header Files</Filter>
    </ClInclude>
    <ClInclude Include="Bentley\DateTimeConverter.h">
      <Filter>Header Files</Filter>
    </ClInclude>
    <ClInclude Include="LoggingSDK\src\native\interface\bsilogprivate.h">
      <Filter>Header Files</Filter>
    </ClInclude>
    <ClInclude Include="PublicAPI\Bentley\BeDebugUtilities.h">
      <Filter>Header Files</Filter>
    </ClInclude>
    <ClInclude Include="PublicAPI\Bentley\BeGetProcAddress.h">
      <Filter>Header Files</Filter>
    </ClInclude>
    <ClInclude Include="PublicAPI\Bentley\Desktop\FileSystem.h">
      <Filter>Header Files</Filter>
    </ClInclude>
    <ClInclude Include="BeXml\PublicApi\BeXml\BeXml.h">
      <Filter>Header Files</Filter>
    </ClInclude>
    <ClInclude Include="BeJpeg\PublicAPI\BeJpeg\BeJpeg.h">
      <Filter>Header Files</Filter>
    </ClInclude>
    <ClInclude Include="PublicAPI\Bentley\Tasks\ThreadlessTaskSheduler.h">
      <Filter>Header Files</Filter>
    </ClInclude>
    <ClInclude Include="PublicAPI\Bentley\Tasks\ThreadlessTaskScheduler.h">
      <Filter>Header Files</Filter>
    </ClInclude>
    <ClInclude Include="PublicAPI\Bentley\CancellationToken.h">
      <Filter>Header Files</Filter>
    </ClInclude>
    <ClInclude Include="PublicAPI\Bentley\Tasks\AsyncTaskFollyAdapter.h">
      <Filter>Header Files</Filter>
    </ClInclude>
  </ItemGroup>
  <ItemGroup>
    <ClCompile Include="Tasks\AsyncError.cpp">
      <Filter>Source Files</Filter>
    </ClCompile>
    <ClCompile Include="Tasks\AsyncTask.cpp">
      <Filter>Source Files</Filter>
    </ClCompile>
    <ClCompile Include="Tasks\AsyncTaskRunner.cpp">
      <Filter>Source Files</Filter>
    </ClCompile>
    <ClCompile Include="Tasks\AsyncTaskRunnerPool.cpp">
      <Filter>Source Files</Filter>
    </ClCompile>
    <ClCompile Include="Tasks\AsyncTasksManager.cpp">
      <Filter>Source Files</Filter>
    </ClCompile>
    <ClCompile Include="Tasks\CancellationToken.cpp">
      <Filter>Source Files</Filter>
    </ClCompile>
    <ClCompile Include="Tasks\TaskScheduler.cpp">
      <Filter>Source Files</Filter>
    </ClCompile>
    <ClCompile Include="Tasks\WorkerThread.cpp">
      <Filter>Source Files</Filter>
    </ClCompile>
    <ClCompile Include="Tasks\WorkerThreadPool.cpp">
      <Filter>Source Files</Filter>
    </ClCompile>
    <ClCompile Include="Bentley\nonport\Base64Utilities.cpp">
      <Filter>Source Files</Filter>
    </ClCompile>
    <ClCompile Include="Bentley\nonport\BeDebugLog.cpp">
      <Filter>Source Files</Filter>
    </ClCompile>
    <ClCompile Include="Bentley\nonport\BeDirectoryIterator.cpp">
      <Filter>Source Files</Filter>
    </ClCompile>
    <ClCompile Include="Bentley\nonport\BeFile.cpp">
      <Filter>Source Files</Filter>
    </ClCompile>
    <ClCompile Include="Bentley\nonport\BeFileListIterator.cpp">
      <Filter>Source Files</Filter>
    </ClCompile>
    <ClCompile Include="Bentley\nonport\BeFileName.cpp">
      <Filter>Source Files</Filter>
    </ClCompile>
    <ClCompile Include="Bentley\nonport\BeIconUtilities.cpp">
      <Filter>Source Files</Filter>
    </ClCompile>
    <ClCompile Include="Bentley\nonport\BeJStringUtilities.cpp">
      <Filter>Source Files</Filter>
    </ClCompile>
    <ClCompile Include="Bentley\nonport\BeStringUtilities.cpp">
      <Filter>Source Files</Filter>
    </ClCompile>
    <ClCompile Include="Bentley\nonport\BeSystemInfo.cpp">
      <Filter>Source Files</Filter>
    </ClCompile>
    <ClCompile Include="Bentley\nonport\BeSystemInfoIos.mm">
      <Filter>Source Files</Filter>
    </ClCompile>
    <ClCompile Include="Bentley\nonport\BeTest.cpp">
      <Filter>Source Files</Filter>
    </ClCompile>
    <ClCompile Include="Bentley\nonport\BeTextFile.cpp">
      <Filter>Source Files</Filter>
    </ClCompile>
    <ClCompile Include="Bentley\nonport\BeThread.cpp">
      <Filter>Source Files</Filter>
    </ClCompile>
    <ClCompile Include="Bentley\nonport\BeTimeUtilities.cpp">
      <Filter>Source Files</Filter>
    </ClCompile>
    <ClCompile Include="Bentley\nonport\ReleaseMarshaller.cpp">
      <Filter>Source Files</Filter>
    </ClCompile>
    <ClCompile Include="Bentley\nonport\strfunc.cpp">
      <Filter>Source Files</Filter>
    </ClCompile>
    <ClCompile Include="Bentley\nonport\ValueFormat.cpp">
      <Filter>Source Files</Filter>
    </ClCompile>
    <ClCompile Include="Bentley\BeId.cpp">
      <Filter>Source Files</Filter>
    </ClCompile>
    <ClCompile Include="Bentley\DateTime.cpp">
      <Filter>Source Files</Filter>
    </ClCompile>
    <ClCompile Include="Bentley\DateTimeConverter.cpp">
      <Filter>Source Files</Filter>
    </ClCompile>
    <ClCompile Include="Bentley\DirectoryObserver.cpp">
      <Filter>Source Files</Filter>
    </ClCompile>
    <ClCompile Include="Bentley\GlobalHandleContainer.cpp">
      <Filter>Source Files</Filter>
    </ClCompile>
    <ClCompile Include="Bentley\md5.cpp">
      <Filter>Source Files</Filter>
    </ClCompile>
    <ClCompile Include="Bentley\RefCounted.cpp">
      <Filter>Source Files</Filter>
    </ClCompile>
    <ClCompile Include="Bentley\sha1.cpp">
      <Filter>Source Files</Filter>
    </ClCompile>
    <ClCompile Include="Bentley\WString.cpp">
      <Filter>Source Files</Filter>
    </ClCompile>
    <ClCompile Include="LoggingSDK\src\native\interface\bsilog.cpp">
      <Filter>Source Files</Filter>
    </ClCompile>
    <ClCompile Include="LoggingSDK\src\native\interface\consoleprovider.cpp">
      <Filter>Source Files</Filter>
    </ClCompile>
    <ClCompile Include="LoggingSDK\src\native\interface\fileprovider.cpp">
      <Filter>Source Files</Filter>
    </ClCompile>
    <ClCompile Include="LoggingSDK\src\native\interface\loggercache.cpp">
      <Filter>Source Files</Filter>
    </ClCompile>
    <ClCompile Include="LoggingSDK\src\native\interface\loggingconfig.cpp">
      <Filter>Source Files</Filter>
    </ClCompile>
    <ClCompile Include="LoggingSDK\src\native\interface\loggingmanager.cpp">
      <Filter>Source Files</Filter>
    </ClCompile>
    <ClCompile Include="LoggingSDK\src\native\interface\providerproxy.cpp">
      <Filter>Source Files</Filter>
    </ClCompile>
    <ClCompile Include="BeXml\BeXml.cpp">
      <Filter>Source Files</Filter>
    </ClCompile>
    <ClCompile Include="Bentley\nonport\BeDebugUtilities.cpp">
      <Filter>Source Files</Filter>
    </ClCompile>
    <ClCompile Include="Bentley\nonport\BeGetProcAddress.cpp">
      <Filter>Source Files</Filter>
    </ClCompile>
    <ClCompile Include="BeJpeg\BeJpeg.cpp">
      <Filter>Source Files</Filter>
    </ClCompile>
    <ClCompile Include="Bentley\CancellationToken.cpp">
      <Filter>Source Files</Filter>
    </ClCompile>
  </ItemGroup>
  <ItemGroup>
    <None Include=".hgignore" />
    <None Include="Bentley.mke" />
    <None Include="BentleyLibTestDll.mke" />
    <None Include="prewire.mke" />
    <None Include="Tasks\Tasks.mki" />
    <None Include="PublicMki\BentleyApi.mki" />
    <None Include="Docs\Overview\BeFileName.doxpage" />
    <None Include="Docs\Overview\Collections.doxpage" />
    <None Include="Docs\Overview\Utf8String.doxpage" />
    <None Include="LoggingSDK\src\native\interface\interface.mki" />
    <None Include="PublicAPI\PublicApi.mke" />
    <None Include="BeXml\bexml.mke" />
    <None Include="BeJpeg\BeJpeg.mke" />
    <None Include="Bentley\nonport\BeSystemInfoMacOS.mm" />
  </ItemGroup>
  <ItemGroup>
    <Xml Include="Bentley.PartFile.xml" />
  </ItemGroup>
  <ItemGroup>
    <Text Include="bentley-notice.txt" />
    <Text Include="btree-license.txt" />
    <Text Include="btree-notice.txt" />
    <Text Include="bvector-license.txt" />
    <Text Include="bvector-notice.txt" />
  </ItemGroup>
</Project>