<?xml version="1.0" encoding="utf-8"?>
<Project ToolsVersion="4.0" xmlns="http://schemas.microsoft.com/developer/msbuild/2003">
  <ItemGroup>
    <Filter Include="Source Files">
      <UniqueIdentifier>{4FC737F1-C7A5-4376-A066-2A32D752A2FF}</UniqueIdentifier>
      <Extensions>cpp;c;cc;cxx;def;odl;idl;hpj;bat;asm;asmx</Extensions>
    </Filter>
    <Filter Include="Source Files\app">
      <UniqueIdentifier>{5843dbf0-3ae3-4910-90e0-3d6189a7b6c4}</UniqueIdentifier>
    </Filter>
    <Filter Include="Source Files\tools">
      <UniqueIdentifier>{0e2ad330-944b-4d49-8a73-9bb9b19a5ce2}</UniqueIdentifier>
    </Filter>
    <Filter Include="Source Files\renderers">
      <UniqueIdentifier>{0038a49f-65b8-436a-b076-46b9833d5fd7}</UniqueIdentifier>
    </Filter>
    <Filter Include="Header Files">
      <UniqueIdentifier>{93995380-89BD-4b04-88EB-625FBE52EBFB}</UniqueIdentifier>
      <Extensions>h;hpp;hxx;hm;inl;inc;xsd</Extensions>
    </Filter>
    <Filter Include="Resource Files">
      <UniqueIdentifier>{67DA6AB6-F800-4c08-8B7A-83BB121AAD01}</UniqueIdentifier>
      <Extensions>rc;ico;cur;bmp;dlg;rc2;rct;bin;rgs;gif;jpg;jpeg;jpe;resx;tiff;tif;png;wav</Extensions>
    </Filter>
  </ItemGroup>
  <ItemGroup>
    <ClCompile Include="ChannelsExampleApp.cpp">
      <Filter>Source Files</Filter>
    </ClCompile>
    <ClCompile Include="ChannelsTest.cpp">
      <Filter>Source Files</Filter>
    </ClCompile>
    <ClCompile Include="..\src\PodWriterWrapper.cpp">
      <Filter>Source Files</Filter>
    </ClCompile>
    <ClCompile Include="..\src\PointoolsVortexAPI_import.cpp">
      <Filter>Source Files\app</Filter>
    </ClCompile>
    <ClCompile Include="stdafx.cpp">
      <Filter>Source Files\app</Filter>
    </ClCompile>
    <ClCompile Include="..\src\timer.cpp">
      <Filter>Source Files\app</Filter>
    </ClCompile>
    <ClCompile Include="..\src\VortexExampleApp.cpp">
      <Filter>Source Files\app</Filter>
    </ClCompile>
    <ClCompile Include="..\src\EditTool.cpp">
      <Filter>Source Files\tools</Filter>
    </ClCompile>
    <ClCompile Include="..\src\FileTool.cpp">
      <Filter>Source Files\tools</Filter>
    </ClCompile>
    <ClCompile Include="..\src\NavigationTool.cpp">
      <Filter>Source Files\tools</Filter>
    </ClCompile>
    <ClCompile Include="..\src\ShaderTool.cpp">
      <Filter>Source Files\tools</Filter>
    </ClCompile>
    <ClCompile Include="ChannelTestRender.cpp">
      <Filter>Source Files\renderers</Filter>
    </ClCompile>
    <ClCompile Include="..\src\ClassificationRender.cpp">
      <Filter>Source Files\renderers</Filter>
    </ClCompile>
    <ClCompile Include="..\src\QueryBuffer.cpp">
      <Filter>Source Files\renderers</Filter>
    </ClCompile>
    <ClCompile Include="..\src\QueryRender.cpp">
      <Filter>Source Files\renderers</Filter>
    </ClCompile>
    <ClCompile Include="..\src\VortexRender.cpp">
      <Filter>Source Files\renderers</Filter>
    </ClCompile>
  </ItemGroup>
  <ItemGroup>
    <ClInclude Include="ChannelsTest.h">
      <Filter>Header Files</Filter>
    </ClInclude>
    <ClInclude Include="ChannelTestRender.h">
      <Filter>Header Files</Filter>
    </ClInclude>
    <ClInclude Include="stdafx.h">
      <Filter>Header Files</Filter>
    </ClInclude>
    <ClInclude Include="..\res\resource.h">
      <Filter>Resource Files</Filter>
    </ClInclude>
  </ItemGroup>
  <ItemGroup>
    <ResourceCompile Include="..\res\general.rc">
      <Filter>Resource Files</Filter>
    </ResourceCompile>
  </ItemGroup>
</Project>