<?xml version="1.0" encoding="utf-8"?>
<Project ToolsVersion="4.0" xmlns="http://schemas.microsoft.com/developer/msbuild/2003">
  <ItemGroup>
    <Filter Include="Source Files">
      <UniqueIdentifier>{4FC737F1-C7A5-4376-A066-2A32D752A2FF}</UniqueIdentifier>
      <Extensions>cpp;c;cc;cxx;def;odl;idl;hpj;bat;asm;asmx</Extensions>
    </Filter>
    <Filter Include="Source Files\tools">
      <UniqueIdentifier>{29c6639b-790c-4394-9bfb-84cbfc0d1694}</UniqueIdentifier>
    </Filter>
    <Filter Include="Source Files\app">
      <UniqueIdentifier>{4e1dc8dd-cb06-4256-b1b1-2373fe0edd4d}</UniqueIdentifier>
    </Filter>
    <Filter Include="Source Files\util">
      <UniqueIdentifier>{d05124ba-9904-4b83-b55e-a7819d5a9008}</UniqueIdentifier>
    </Filter>
    <Filter Include="Source Files\renderers">
      <UniqueIdentifier>{1d1c9bd2-2ffa-4ffb-813a-c3ba1822761e}</UniqueIdentifier>
    </Filter>
    <Filter Include="Header Files">
      <UniqueIdentifier>{93995380-89BD-4b04-88EB-625FBE52EBFB}</UniqueIdentifier>
      <Extensions>h;hpp;hxx;hm;inl;inc;xsd</Extensions>
    </Filter>
    <Filter Include="Header Files\tools">
      <UniqueIdentifier>{270914a5-5433-48e0-8970-6de1af5c1e6c}</UniqueIdentifier>
    </Filter>
    <Filter Include="Header Files\renderers">
      <UniqueIdentifier>{42f4e9f3-aab0-4808-92f0-cc15442e25a0}</UniqueIdentifier>
    </Filter>
    <Filter Include="Resource Files">
      <UniqueIdentifier>{67DA6AB6-F800-4c08-8B7A-83BB121AAD01}</UniqueIdentifier>
      <Extensions>rc;ico;cur;bmp;dlg;rc2;rct;bin;rgs;gif;jpg;jpeg;jpe;resx;tiff;tif;png;wav</Extensions>
    </Filter>
  </ItemGroup>
  <ItemGroup>
    <ClCompile Include="clashTest.cpp">
      <Filter>Source Files</Filter>
    </ClCompile>
    <ClCompile Include="..\src\QueryBuffer.cpp">
      <Filter>Source Files</Filter>
    </ClCompile>
    <ClCompile Include="stdafx.cpp">
      <Filter>Source Files</Filter>
    </ClCompile>
    <ClCompile Include="..\src\EditTool.cpp">
      <Filter>Source Files\tools</Filter>
    </ClCompile>
    <ClCompile Include="..\src\FileTool.cpp">
      <Filter>Source Files\tools</Filter>
    </ClCompile>
    <ClCompile Include="..\src\NavigationTool.cpp">
      <Filter>Source Files\tools</Filter>
    </ClCompile>
    <ClCompile Include="..\src\ShaderTool.cpp">
      <Filter>Source Files\tools</Filter>
    </ClCompile>
    <ClCompile Include="clashApp.cpp">
      <Filter>Source Files\app</Filter>
    </ClCompile>
    <ClCompile Include="..\src\PointoolsVortexAPI_import.cpp">
      <Filter>Source Files\app</Filter>
    </ClCompile>
    <ClCompile Include="..\src\timer.cpp">
      <Filter>Source Files\util</Filter>
    </ClCompile>
    <ClCompile Include="..\src\WriteBmp.cpp">
      <Filter>Source Files\util</Filter>
    </ClCompile>
    <ClCompile Include="..\src\ClassificationRender.cpp">
      <Filter>Source Files\renderers</Filter>
    </ClCompile>
    <ClCompile Include="..\src\DiagnosticRenderer.cpp">
      <Filter>Source Files\renderers</Filter>
    </ClCompile>
    <ClCompile Include="..\src\QueryRender.cpp">
      <Filter>Source Files\renderers</Filter>
    </ClCompile>
    <ClCompile Include="..\src\VortexRender.cpp">
      <Filter>Source Files\renderers</Filter>
    </ClCompile>
  </ItemGroup>
  <ItemGroup>
    <ClInclude Include="..\include\QueryBuffer.h">
      <Filter>Header Files</Filter>
    </ClInclude>
    <ClInclude Include="resource.h">
      <Filter>Header Files</Filter>
    </ClInclude>
    <ClInclude Include="stdafx.h">
      <Filter>Header Files</Filter>
    </ClInclude>
    <ClInclude Include="..\include\VortexExampleApp.h">
      <Filter>Header Files</Filter>
    </ClInclude>
    <ClInclude Include="clashTest.h">
      <Filter>Header Files\tools</Filter>
    </ClInclude>
    <ClInclude Include="..\include\EditTool.h">
      <Filter>Header Files\tools</Filter>
    </ClInclude>
    <ClInclude Include="..\include\FileTool.h">
      <Filter>Header Files\tools</Filter>
    </ClInclude>
    <ClInclude Include="..\include\NavigationTool.h">
      <Filter>Header Files\tools</Filter>
    </ClInclude>
    <ClInclude Include="..\include\ShaderTool.h">
      <Filter>Header Files\tools</Filter>
    </ClInclude>
    <ClInclude Include="..\include\TuningTool.h">
      <Filter>Header Files\tools</Filter>
    </ClInclude>
    <ClInclude Include="..\include\ChannelTestRender.h">
      <Filter>Header Files\renderers</Filter>
    </ClInclude>
    <ClInclude Include="..\include\ClassificationRender.h">
      <Filter>Header Files\renderers</Filter>
    </ClInclude>
    <ClInclude Include="..\include\DiagnosticRenderer.h">
      <Filter>Header Files\renderers</Filter>
    </ClInclude>
    <ClInclude Include="..\include\QueryRender.h">
      <Filter>Header Files\renderers</Filter>
    </ClInclude>
    <ClInclude Include="..\include\VortexRender.h">
      <Filter>Header Files\renderers</Filter>
    </ClInclude>
  </ItemGroup>
  <ItemGroup>
    <ResourceCompile Include="..\res\general.rc">
      <Filter>Resource Files</Filter>
    </ResourceCompile>
  </ItemGroup>
</Project>