<?xml version="1.0" encoding="utf-8"?>
<Project ToolsVersion="4.0" xmlns="http://schemas.microsoft.com/developer/msbuild/2003">
  <ItemGroup>
    <Filter Include="Source Files">
      <UniqueIdentifier>{4FC737F1-C7A5-4376-A066-2A32D752A2FF}</UniqueIdentifier>
      <Extensions>cpp;c;cc;cxx;def;odl;idl;hpj;bat;asm;asmx</Extensions>
    </Filter>
    <Filter Include="Header Files">
      <UniqueIdentifier>{93995380-89BD-4b04-88EB-625FBE52EBFB}</UniqueIdentifier>
      <Extensions>h;hpp;hxx;hm;inl;inc;xsd</Extensions>
    </Filter>
    <Filter Include="Resource Files">
      <UniqueIdentifier>{67DA6AB6-F800-4c08-8B7A-83BB121AAD01}</UniqueIdentifier>
      <Extensions>rc;ico;cur;bmp;dlg;rc2;rct;bin;rgs;gif;jpg;jpeg;jpe;resx;tiff;tif;png;wav</Extensions>
    </Filter>
    <Filter Include="ECPresentation">
      <UniqueIdentifier>{85197e54-3a19-444f-a67a-e3eda9d05e3b}</UniqueIdentifier>
    </Filter>
    <Filter Include="ECPresentation\Header Files">
      <UniqueIdentifier>{490bb640-0ef2-4600-bc70-9f4b78dfe937}</UniqueIdentifier>
      <Extensions>*.h</Extensions>
    </Filter>
    <Filter Include="ECPresentation\Source Files">
      <UniqueIdentifier>{3b4f4dab-c793-44bb-aecb-cad8174719c7}</UniqueIdentifier>
      <Extensions>*.cpp</Extensions>
    </Filter>
    <Filter Include="ECUnits">
      <UniqueIdentifier>{941fe668-0f6f-4986-8668-8f323be6976b}</UniqueIdentifier>
    </Filter>
    <Filter Include="ECUnits\Header Files">
      <UniqueIdentifier>{b43f62e6-cb4b-45ff-8b7b-d94e567f6b9b}</UniqueIdentifier>
    </Filter>
    <Filter Include="ECUnits\Source Files">
      <UniqueIdentifier>{3118501a-d447-465a-9b9f-7d593da60f89}</UniqueIdentifier>
    </Filter>
    <Filter Include="ECPresentation\PresentationRules">
      <UniqueIdentifier>{54e0538e-e89c-4dab-bf78-1fb3d45d780f}</UniqueIdentifier>
    </Filter>
  </ItemGroup>
  <ItemGroup>
    <ClCompile Include="DesignByContract.cpp">
      <Filter>Source Files</Filter>
    </ClCompile>
    <ClCompile Include="ECClass.cpp">
      <Filter>Source Files</Filter>
    </ClCompile>
    <ClCompile Include="ECEnabler.cpp">
      <Filter>Source Files</Filter>
    </ClCompile>
    <ClCompile Include="ECInstance.cpp">
      <Filter>Source Files</Filter>
    </ClCompile>
    <ClCompile Include="ECObjectsPch.cpp">
      <Filter>Source Files</Filter>
    </ClCompile>
    <ClCompile Include="ECProperty.cpp">
      <Filter>Source Files</Filter>
    </ClCompile>
    <ClCompile Include="ECSchema.cpp">
      <Filter>Source Files</Filter>
    </ClCompile>
    <ClCompile Include="ECType.cpp">
      <Filter>Source Files</Filter>
    </ClCompile>
    <ClCompile Include="ECValue.cpp">
      <Filter>Source Files</Filter>
    </ClCompile>
    <ClCompile Include="ecxml.cpp">
      <Filter>Source Files</Filter>
    </ClCompile>
    <ClCompile Include="StandaloneECInstance.cpp">
      <Filter>Source Files</Filter>
    </ClCompile>
    <ClCompile Include="ECCustomAttribute.cpp">
      <Filter>Source Files</Filter>
    </ClCompile>
    <ClCompile Include="nonport\StopWatch.cpp">
      <Filter>Source Files</Filter>
    </ClCompile>
    <ClCompile Include="nonport\FileUtilities.cpp">
      <Filter>Source Files</Filter>
    </ClCompile>
    <ClCompile Include="StandaloneECRelationshipInstance.cpp">
      <Filter>Source Files</Filter>
    </ClCompile>
    <ClCompile Include="SupplementalSchema.cpp">
      <Filter>Source Files</Filter>
    </ClCompile>
    <ClCompile Include="presentation\auicommand.cpp">
      <Filter>ECPresentation\Source Files</Filter>
    </ClCompile>
    <ClCompile Include="presentation\auievent.cpp">
      <Filter>ECPresentation\Source Files</Filter>
    </ClCompile>
    <ClCompile Include="presentation\auiitem.cpp">
      <Filter>ECPresentation\Source Files</Filter>
    </ClCompile>
    <ClCompile Include="presentation\auijournal.cpp">
      <Filter>ECPresentation\Source Files</Filter>
    </ClCompile>
    <ClCompile Include="presentation\auipresentationmgr.cpp">
      <Filter>ECPresentation\Source Files</Filter>
    </ClCompile>
    <ClCompile Include="presentation\auiprovider.cpp">
      <Filter>ECPresentation\Source Files</Filter>
    </ClCompile>
    <ClCompile Include="presentation\eccontentdefinition.cpp">
      <Filter>ECPresentation\Source Files</Filter>
    </ClCompile>
    <ClCompile Include="presentation\ECResourceProvider.cpp">
      <Filter>ECPresentation\Source Files</Filter>
    </ClCompile>
    <ClCompile Include="presentation\ecviewdefinition.cpp">
      <Filter>ECPresentation\Source Files</Filter>
    </ClCompile>
    <ClCompile Include="ecinstanceiterable.cpp">
      <Filter>Source Files</Filter>
    </ClCompile>
    <ClCompile Include="ExpressionContext.cpp">
      <Filter>Source Files</Filter>
    </ClCompile>
    <ClCompile Include="ExpressionHandler.cpp">
      <Filter>Source Files</Filter>
    </ClCompile>
    <ClCompile Include="ExpressionNode.cpp">
      <Filter>Source Files</Filter>
    </ClCompile>
    <ClCompile Include="CalculatedProperty.cpp">
      <Filter>Source Files</Filter>
    </ClCompile>
    <ClCompile Include="ECcontext.cpp">
      <Filter>Source Files</Filter>
    </ClCompile>
    <ClCompile Include="ECDBuffer.cpp">
      <Filter>Source Files</Filter>
    </ClCompile>
    <ClCompile Include="DateTimeInfoAccessor.cpp">
      <Filter>Source Files</Filter>
    </ClCompile>
    <ClCompile Include="StandardCustomAttributeHelper.cpp">
      <Filter>Source Files</Filter>
    </ClCompile>
    <ClCompile Include="ECDiff.cpp">
      <Filter>Source Files</Filter>
    </ClCompile>
    <ClCompile Include="Units\Units.cpp">
      <Filter>ECUnits\Source Files</Filter>
    </ClCompile>
    <ClCompile Include="Units\ECUnitsClassLocater.cpp">
      <Filter>ECUnits\Source Files</Filter>
    </ClCompile>
    <ClCompile Include="SchemaLocalizedStrings.cpp">
      <Filter>Source Files</Filter>
    </ClCompile>
    <ClCompile Include="SystemSymbolProvider.cpp">
      <Filter>Source Files</Filter>
    </ClCompile>
    <ClCompile Include="presentation\PresentationRules\AllInstanceNodesSpecification.cpp">
      <Filter>ECPresentation\PresentationRules</Filter>
    </ClCompile>
    <ClCompile Include="presentation\PresentationRules\AllRelatedInstanceNodesSpecification.cpp">
      <Filter>ECPresentation\PresentationRules</Filter>
    </ClCompile>
    <ClCompile Include="presentation\PresentationRules\CheckBoxRule.cpp">
      <Filter>ECPresentation\PresentationRules</Filter>
    </ClCompile>
    <ClCompile Include="presentation\PresentationRules\ChildNodeRule.cpp">
      <Filter>ECPresentation\PresentationRules</Filter>
    </ClCompile>
    <ClCompile Include="presentation\PresentationRules\ChildNodeSpecification.cpp">
      <Filter>ECPresentation\PresentationRules</Filter>
    </ClCompile>
    <ClCompile Include="presentation\PresentationRules\CommonTools.cpp">
      <Filter>ECPresentation\PresentationRules</Filter>
    </ClCompile>
    <ClCompile Include="presentation\PresentationRules\ContentInstancesOfSpecificClassesSpecification.cpp">
      <Filter>ECPresentation\PresentationRules</Filter>
    </ClCompile>
    <ClCompile Include="presentation\PresentationRules\ContentRelatedInstancesSpecification.cpp">
      <Filter>ECPresentation\PresentationRules</Filter>
    </ClCompile>
    <ClCompile Include="presentation\PresentationRules\ContentRule.cpp">
      <Filter>ECPresentation\PresentationRules</Filter>
    </ClCompile>
    <ClCompile Include="presentation\PresentationRules\ContentSpecification.cpp">
      <Filter>ECPresentation\PresentationRules</Filter>
    </ClCompile>
    <ClCompile Include="presentation\PresentationRules\CustomNodeSpecification.cpp">
      <Filter>ECPresentation\PresentationRules</Filter>
    </ClCompile>
    <ClCompile Include="presentation\PresentationRules\DisplayRelatedItemsSpecification.cpp">
      <Filter>ECPresentation\PresentationRules</Filter>
    </ClCompile>
    <ClCompile Include="presentation\PresentationRules\GroupingRule.cpp">
      <Filter>ECPresentation\PresentationRules</Filter>
    </ClCompile>
    <ClCompile Include="presentation\PresentationRules\ImageIdOverride.cpp">
      <Filter>ECPresentation\PresentationRules</Filter>
    </ClCompile>
    <ClCompile Include="presentation\PresentationRules\InstanceNodesOfSpecificClassesSpecification.cpp">
      <Filter>ECPresentation\PresentationRules</Filter>
    </ClCompile>
    <ClCompile Include="presentation\PresentationRules\LabelOverride.cpp">
      <Filter>ECPresentation\PresentationRules</Filter>
    </ClCompile>
    <ClCompile Include="presentation\PresentationRules\LocalizationResourceKeyDefinition.cpp">
      <Filter>ECPresentation\PresentationRules</Filter>
    </ClCompile>
    <ClCompile Include="presentation\PresentationRules\PresentationRule.cpp">
      <Filter>ECPresentation\PresentationRules</Filter>
    </ClCompile>
    <ClCompile Include="presentation\PresentationRules\PresentationRuleSet.cpp">
      <Filter>ECPresentation\PresentationRules</Filter>
    </ClCompile>
    <ClCompile Include="presentation\PresentationRules\RelatedInstanceNodesSpecification.cpp">
      <Filter>ECPresentation\PresentationRules</Filter>
    </ClCompile>
    <ClCompile Include="presentation\PresentationRules\RelatedPropertiesSpecification.cpp">
      <Filter>ECPresentation\PresentationRules</Filter>
    </ClCompile>
    <ClCompile Include="presentation\PresentationRules\RenameNodeRule.cpp">
      <Filter>ECPresentation\PresentationRules</Filter>
    </ClCompile>
    <ClCompile Include="presentation\PresentationRules\SearchResultInstanceNodesSpecification.cpp">
      <Filter>ECPresentation\PresentationRules</Filter>
    </ClCompile>
    <ClCompile Include="presentation\PresentationRules\SelectedNodeInstancesSpecification.cpp">
      <Filter>ECPresentation\PresentationRules</Filter>
    </ClCompile>
    <ClCompile Include="presentation\PresentationRules\SortingRule.cpp">
      <Filter>ECPresentation\PresentationRules</Filter>
    </ClCompile>
    <ClCompile Include="presentation\PresentationRules\StyleOverride.cpp">
      <Filter>ECPresentation\PresentationRules</Filter>
    </ClCompile>
    <ClCompile Include="presentation\PresentationRules\UserSettingsGroup.cpp">
      <Filter>ECPresentation\PresentationRules</Filter>
    </ClCompile>
    <ClCompile Include="SchemaXml.cpp">
      <Filter>Source Files</Filter>
    </ClCompile>
  </ItemGroup>
  <ItemGroup>
    <ClInclude Include="ECObjectsPch.h">
      <Filter>Header Files</Filter>
    </ClInclude>
    <ClInclude Include="ecxml.h">
      <Filter>Header Files</Filter>
    </ClInclude>
    <ClInclude Include="..\PublicApi\ECObjects\DesignByContract.h">
      <Filter>Header Files</Filter>
    </ClInclude>
    <ClInclude Include="..\PublicApi\ECObjects\ECEnabler.h">
      <Filter>Header Files</Filter>
    </ClInclude>
    <ClInclude Include="..\PublicApi\ECObjects\ECInstance.h">
      <Filter>Header Files</Filter>
    </ClInclude>
    <ClInclude Include="..\PublicApi\ECObjects\ECObjects.h">
      <Filter>Header Files</Filter>
    </ClInclude>
    <ClInclude Include="..\PublicApi\ECObjects\ECObjectsAPI.h">
      <Filter>Header Files</Filter>
    </ClInclude>
    <ClInclude Include="..\PublicApi\ECObjects\ECSchema.h">
      <Filter>Header Files</Filter>
    </ClInclude>
    <ClInclude Include="..\PublicApi\ECObjects\ECValue.h">
      <Filter>Header Files</Filter>
    </ClInclude>
    <ClInclude Include="..\PublicApi\ECObjects\StandaloneECInstance.h">
      <Filter>Header Files</Filter>
    </ClInclude>
    <ClInclude Include="..\PublicApi\ECObjects\SupplementalSchema.h">
      <Filter>Header Files</Filter>
    </ClInclude>
    <ClInclude Include="..\PublicApi\EcPresentation\auicommand.h">
      <Filter>ECPresentation\Header Files</Filter>
    </ClInclude>
    <ClInclude Include="..\PublicApi\EcPresentation\auievent.h">
      <Filter>ECPresentation\Header Files</Filter>
    </ClInclude>
    <ClInclude Include="..\PublicApi\EcPresentation\auiitem.h">
      <Filter>ECPresentation\Header Files</Filter>
    </ClInclude>
    <ClInclude Include="..\PublicApi\EcPresentation\auijournal.h">
      <Filter>ECPresentation\Header Files</Filter>
    </ClInclude>
    <ClInclude Include="..\PublicApi\EcPresentation\auipresentationapi.h">
      <Filter>ECPresentation\Header Files</Filter>
    </ClInclude>
    <ClInclude Include="..\PublicApi\EcPresentation\auipresentationmgr.h">
      <Filter>ECPresentation\Header Files</Filter>
    </ClInclude>
    <ClInclude Include="..\PublicApi\EcPresentation\auiprovider.h">
      <Filter>ECPresentation\Header Files</Filter>
    </ClInclude>
    <ClInclude Include="..\PublicApi\EcPresentation\eccontentdefinition.h">
      <Filter>ECPresentation\Header Files</Filter>
    </ClInclude>
    <ClInclude Include="..\PublicApi\EcPresentation\ECResourceProvider.h">
      <Filter>ECPresentation\Header Files</Filter>
    </ClInclude>
    <ClInclude Include="..\PublicApi\EcPresentation\ecviewdefinition.h">
      <Filter>ECPresentation\Header Files</Filter>
    </ClInclude>
    <ClInclude Include="..\PublicApi\ECObjects\CalculatedProperty.h">
      <Filter>Header Files</Filter>
    </ClInclude>
    <ClInclude Include="..\PublicApi\ECObjects\ECExpressionNode.h">
      <Filter>Header Files</Filter>
    </ClInclude>
    <ClInclude Include="..\PublicApi\ECObjects\ECExpressions.h">
      <Filter>Header Files</Filter>
    </ClInclude>
    <ClInclude Include="..\PublicApi\ECObjects\ECContext.h">
      <Filter>Header Files</Filter>
    </ClInclude>
    <ClInclude Include="DateTimeInfoAccessor.h">
      <Filter>Header Files</Filter>
    </ClInclude>
    <ClInclude Include="..\PublicApi\ECObjects\StandardCustomAttributeHelper.h">
      <Filter>Header Files</Filter>
    </ClInclude>
    <ClInclude Include="..\PublicApi\ECObjects\ECDBuffer.h">
      <Filter>Header Files</Filter>
    </ClInclude>
    <ClInclude Include="..\PublicApi\ECObjects\ECObjectsAPIOverview.h">
      <Filter>Header Files</Filter>
    </ClInclude>
    <ClInclude Include="..\PublicApi\ECObjects\PresentationMetadataHelper.h">
      <Filter>Header Files</Filter>
    </ClInclude>
    <ClInclude Include="..\PublicApi\ECObjects\ECDiff.h">
      <Filter>Header Files</Filter>
    </ClInclude>
    <ClInclude Include="ecobjectsnativelog.h">
      <Filter>Header Files</Filter>
    </ClInclude>
    <ClInclude Include="..\PublicApi\ECObjects\ECInstanceIterable.h">
      <Filter>Header Files</Filter>
    </ClInclude>
    <ClInclude Include="..\PublicApi\ECObjects\StandaloneECRelationshipInstance.h">
      <Filter>Header Files</Filter>
    </ClInclude>
    <ClInclude Include="..\PublicApi\ECObjects\BeXmlCommonGeometry.h">
      <Filter>Header Files</Filter>
    </ClInclude>
    <ClInclude Include="..\PublicApi\ECUnits\Units.h">
      <Filter>ECUnits\Header Files</Filter>
    </ClInclude>
    <ClInclude Include="..\PublicApi\ECUnits\ECUnitsClassLocater.h">
      <Filter>ECUnits\Header Files</Filter>
    </ClInclude>
    <ClInclude Include="..\PublicApi\ECObjects\SchemaLocalizedStrings.h">
      <Filter>Header Files</Filter>
    </ClInclude>
    <ClInclude Include="SchemaXml.h">
      <Filter>Header Files</Filter>
    </ClInclude>
  </ItemGroup>
  <ItemGroup>
    <None Include="ecobjects.mke" />
    <None Include="ecobjects.mki" />
  </ItemGroup>
</Project>