<?xml version="1.0" encoding="utf-8"?>
<Project ToolsVersion="4.0" xmlns="http://schemas.microsoft.com/developer/msbuild/2003">
  <ItemGroup>
    <Filter Include="Mke">
      <UniqueIdentifier>{5cf19967-a699-4d7d-967e-c410f52c2c50}</UniqueIdentifier>
    </Filter>
    <Filter Include="Src">
      <UniqueIdentifier>{d6bf2911-23e3-4e18-bff2-ef2f6b581b4a}</UniqueIdentifier>
    </Filter>
  </ItemGroup>
  <ItemGroup>
    <None Include="tests.mke">
      <Filter>Mke</Filter>
    </None>
    <None Include="CodeCoverage.mke">
      <Filter>Mke</Filter>
    </None>
  </ItemGroup>
  <ItemGroup>
    <ClCompile Include="ProfilesDomainTestFixture.cpp">
      <Filter>Src</Filter>
    </ClCompile>
    <ClCompile Include="ProfilesDomainTests.cpp">
      <Filter>Src</Filter>
    </ClCompile>
    <ClCompile Include="ProfilesDomainTestsMain.cpp">
      <Filter>Src</Filter>
    </ClCompile>
  </ItemGroup>
  <ItemGroup>
    <ClInclude Include="ProfilesDomainTestFixture.h">
      <Filter>Src</Filter>
    </ClInclude>
  </ItemGroup>
</Project>