<?xml version="1.0" encoding="utf-8"?>
<Project ToolsVersion="4.0" xmlns="http://schemas.microsoft.com/developer/msbuild/2003">
  <ItemGroup>
    <Filter Include="Mke">
      <UniqueIdentifier>{5cf19967-a699-4d7d-967e-c410f52c2c50}</UniqueIdentifier>
    </Filter>
    <Filter Include="Src">
      <UniqueIdentifier>{d6bf2911-23e3-4e18-bff2-ef2f6b581b4a}</UniqueIdentifier>
    </Filter>
    <Filter Include="Src\Tests">
      <UniqueIdentifier>{56615e67-0f53-4987-b755-bbb418fe47b0}</UniqueIdentifier>
    </Filter>
    <Filter Include="Src\TestCases">
      <UniqueIdentifier>{0d67030f-6532-44a7-addc-e4a373d918d1}</UniqueIdentifier>
    </Filter>
  </ItemGroup>
  <ItemGroup>
    <None Include="tests.mke">
      <Filter>Mke</Filter>
    </None>
    <None Include="CodeCoverage.mke">
      <Filter>Mke</Filter>
    </None>
  </ItemGroup>
  <ItemGroup>
    <ClCompile Include="src\TestHost.cpp">
      <Filter>Src</Filter>
    </ClCompile>
    <ClCompile Include="src\Main.cpp">
      <Filter>Src</Filter>
    </ClCompile>
    <ClCompile Include="src\DomainTests.cpp">
      <Filter>Src\Tests</Filter>
    </ClCompile>
    <ClCompile Include="src\CShapeProfileTests.cpp">
      <Filter>Src\Tests</Filter>
    </ClCompile>
    <ClCompile Include="src\IShapeProfileTests.cpp">
      <Filter>Src\Tests</Filter>
    </ClCompile>
    <ClCompile Include="src\ProfilesTestCase.cpp">
      <Filter>Src\TestCases</Filter>
    </ClCompile>
    <ClCompile Include="src\GeometryTests.cpp">
      <Filter>Src\Tests</Filter>
    </ClCompile>
    <ClCompile Include="src\ZShapeProfileTests.cpp">
      <Filter>Src\Tests</Filter>
    </ClCompile>
    <ClCompile Include="src\TShapeProfileTests.cpp">
      <Filter>Src\Tests</Filter>
    </ClCompile>
  </ItemGroup>
  <ItemGroup>
    <ClInclude Include="src\TestHost.h">
      <Filter>Src</Filter>
    </ClInclude>
    <ClInclude Include="src\ProfilesTestCase.h">
      <Filter>Src\TestCases</Filter>
    </ClInclude>
    <ClInclude Include="src\ProfileValidationTestCase.h">
      <Filter>Src\TestCases</Filter>
    </ClInclude>
  </ItemGroup>
</Project>