<?xml version="1.0" encoding="utf-8"?>
<Project ToolsVersion="4.0" xmlns="http://schemas.microsoft.com/developer/msbuild/2003">
  <ItemGroup>
    <ClCompile Include="..\TestCpp\Source\CStest0.cpp">
      <Filter>Source Files</Filter>
    </ClCompile>
    <ClCompile Include="..\TestCpp\Source\CStest1.cpp">
      <Filter>Source Files</Filter>
    </ClCompile>
    <ClCompile Include="..\TestCpp\Source\CStest2.cpp">
      <Filter>Source Files</Filter>
    </ClCompile>
    <ClCompile Include="..\TestCpp\Source\CStest3.cpp">
      <Filter>Source Files</Filter>
    </ClCompile>
    <ClCompile Include="..\TestCpp\Source\CStest4.cpp">
      <Filter>Source Files</Filter>
    </ClCompile>
    <ClCompile Include="..\TestCpp\Source\CStest5.cpp">
      <Filter>Source Files</Filter>
    </ClCompile>
    <ClCompile Include="..\TestCpp\Source\CStest6.cpp">
      <Filter>Source Files</Filter>
    </ClCompile>
    <ClCompile Include="..\TestCpp\Source\CStest7.cpp">
      <Filter>Source Files</Filter>
    </ClCompile>
    <ClCompile Include="..\TestCpp\Source\CStest8.cpp">
      <Filter>Source Files</Filter>
    </ClCompile>
    <ClCompile Include="..\TestCpp\Source\CStest9.cpp">
      <Filter>Source Files</Filter>
    </ClCompile>
    <ClCompile Include="..\TestCpp\Source\CStestA.cpp">
      <Filter>Source Files</Filter>
    </ClCompile>
    <ClCompile Include="..\TestCpp\Source\CStestB.cpp">
      <Filter>Source Files</Filter>
    </ClCompile>
    <ClCompile Include="..\TestCpp\Source\CStestC.cpp">
      <Filter>Source Files</Filter>
    </ClCompile>
    <ClCompile Include="..\TestCpp\Source\CStestD.cpp">
      <Filter>Source Files</Filter>
    </ClCompile>
    <ClCompile Include="..\TestCpp\Source\CStestE.cpp">
      <Filter>Source Files</Filter>
    </ClCompile>
    <ClCompile Include="..\TestCpp\Source\CStestF.cpp">
      <Filter>Source Files</Filter>
    </ClCompile>
    <ClCompile Include="..\TestCpp\Source\CStestG.cpp">
      <Filter>Source Files</Filter>
    </ClCompile>
    <ClCompile Include="..\TestCpp\Source\CStestH.cpp">
      <Filter>Source Files</Filter>
    </ClCompile>
    <ClCompile Include="..\TestCpp\Source\CStestI.cpp">
      <Filter>Source Files</Filter>
    </ClCompile>
    <ClCompile Include="..\TestCpp\Source\CStestJ.cpp">
      <Filter>Source Files</Filter>
    </ClCompile>
    <ClCompile Include="..\TestCpp\Source\CStestK.cpp">
      <Filter>Source Files</Filter>
    </ClCompile>
    <ClCompile Include="..\TestCpp\Source\CStestL.cpp">
      <Filter>Source Files</Filter>
    </ClCompile>
    <ClCompile Include="..\TestCpp\Source\CStestM.cpp">
      <Filter>Source Files</Filter>
    </ClCompile>
    <ClCompile Include="..\TestCpp\Source\CStestN.cpp">
      <Filter>Source Files</Filter>
    </ClCompile>
    <ClCompile Include="..\TestCpp\Source\CStestS.cpp">
      <Filter>Source Files</Filter>
    </ClCompile>
    <ClCompile Include="..\TestCpp\Source\CStestT.cpp">
      <Filter>Source Files</Filter>
    </ClCompile>
    <ClCompile Include="..\TestCpp\Source\CS_TestCpp.cpp">
      <Filter>Source Files</Filter>
    </ClCompile>
    <ClCompile Include="..\TestCpp\Source\CStestSupport.cpp">
      <Filter>Source Files</Filter>
    </ClCompile>
    <ClCompile Include="..\TestCpp\Source\CS_osGeoTest.cpp">
      <Filter>Source Files</Filter>
    </ClCompile>
    <ClCompile Include="..\TestCpp\Source\CStestQ.cpp">
      <Filter>Source Files</Filter>
    </ClCompile>
    <ClCompile Include="..\TestCpp\Source\CStestR.cpp">
      <Filter>Source Files</Filter>
    </ClCompile>
  </ItemGroup>
  <ItemGroup>
    <Filter Include="TestData">
      <UniqueIdentifier>{436b3a68-7710-433e-bdef-7138d59043f9}</UniqueIdentifier>
    </Filter>
    <Filter Include="Header Files">
      <UniqueIdentifier>{04fb1c53-1356-4394-a737-1dc399e56e80}</UniqueIdentifier>
    </Filter>
    <Filter Include="Source Files">
      <UniqueIdentifier>{a507bc56-8c54-41d9-8c54-0a286f8eeb25}</UniqueIdentifier>
    </Filter>
  </ItemGroup>
  <ItemGroup>
    <None Include="..\TestCpp\TEST.DAT">
      <Filter>TestData</Filter>
    </None>
    <None Include="..\TestCpp\TEST_All.DAT">
      <Filter>TestData</Filter>
    </None>
  </ItemGroup>
  <ItemGroup>
    <ClInclude Include="..\TestCpp\Include\csTestCpp.hpp">
      <Filter>Header Files</Filter>
    </ClInclude>
    <ClInclude Include="..\TestCpp\Include\cs_OsGeoTest.hpp">
      <Filter>Header Files</Filter>
    </ClInclude>
  </ItemGroup>
</Project>