<?xml version="1.0" encoding="utf-8"?>
<Project ToolsVersion="4.0" xmlns="http://schemas.microsoft.com/developer/msbuild/2003">
  <ItemGroup>
    <Filter Include="Mke">
      <UniqueIdentifier>{ba9bb0c5-62ba-40df-9f6e-3ffa3058f034}</UniqueIdentifier>
    </Filter>
    <Filter Include="ECSql">
      <UniqueIdentifier>{ca571631-8c21-4c73-949d-9878bf88d78e}</UniqueIdentifier>
    </Filter>
    <Filter Include="PublicApi">
      <UniqueIdentifier>{87d7ea63-8da2-409d-b577-ec8475c2d25b}</UniqueIdentifier>
    </Filter>
    <Filter Include="ECSql\Fields">
      <UniqueIdentifier>{69614862-1ddd-425c-b0c0-3313d50032aa}</UniqueIdentifier>
    </Filter>
    <Filter Include="ECDbSchemaManager">
      <UniqueIdentifier>{b512b729-dbde-4f4d-a0f4-00d306962fc8}</UniqueIdentifier>
    </Filter>
    <Filter Include="ECSql\ECSqlParser">
      <UniqueIdentifier>{90e71772-67b6-4546-a326-1459d237154f}</UniqueIdentifier>
    </Filter>
    <Filter Include="ECSql\ECSqlStatement">
      <UniqueIdentifier>{3df038a0-37d1-4992-96bd-fb4aeed29e72}</UniqueIdentifier>
    </Filter>
    <Filter Include="ECDbMap">
      <UniqueIdentifier>{79bf8ac1-b52e-46b0-9b4f-156574cb4cff}</UniqueIdentifier>
    </Filter>
    <Filter Include="ECDbMap\Map">
      <UniqueIdentifier>{28b7a0b6-6ecd-49e8-93e6-4eccd7cba85d}</UniqueIdentifier>
    </Filter>
    <Filter Include="ECSql\Adapters">
      <UniqueIdentifier>{ee46bf79-75a0-40c3-9800-bcd5f58da13c}</UniqueIdentifier>
    </Filter>
    <Filter Include="ECSql\ParameterBinding">
      <UniqueIdentifier>{1fa815d8-2524-4694-8987-796a4e3c4a59}</UniqueIdentifier>
    </Filter>
    <Filter Include="ECSql\ECSqlPrepare">
      <UniqueIdentifier>{4ae783f6-3ae8-4f54-8529-3f7cf62b8e7e}</UniqueIdentifier>
    </Filter>
    <Filter Include="docs">
      <UniqueIdentifier>{b5000355-f9cd-48dd-b2b9-dedbac12257e}</UniqueIdentifier>
    </Filter>
    <Filter Include="docs\source">
      <UniqueIdentifier>{9461b750-4545-4b5e-91da-b3c3b325d60c}</UniqueIdentifier>
    </Filter>
    <Filter Include="docs\samplecode">
      <UniqueIdentifier>{bdeccc44-558b-42c1-ad5f-5c0acd68681e}</UniqueIdentifier>
    </Filter>
    <Filter Include="ECDb">
      <UniqueIdentifier>{31834cea-a982-4858-99a9-4fe0426a646c}</UniqueIdentifier>
    </Filter>
    <Filter Include="ECSql\OSQLParser">
      <UniqueIdentifier>{36dbf070-8794-4e62-9915-23997399c693}</UniqueIdentifier>
    </Filter>
    <Filter Include="ECDbProfile">
      <UniqueIdentifier>{40e9ef85-b8b8-468a-ad73-fb807d2d3f09}</UniqueIdentifier>
    </Filter>
    <Filter Include="ECSql\StepTask">
      <UniqueIdentifier>{091c7d7b-bcd0-443f-865b-ca50fdaf8352}</UniqueIdentifier>
    </Filter>
    <Filter Include="ECSchemas">
      <UniqueIdentifier>{48af7464-6331-4c7d-9e22-c4bb3bead7ba}</UniqueIdentifier>
    </Filter>
  </ItemGroup>
  <ItemGroup>
    <ClInclude Include="ECDbInternalTypes.h" />
    <ClInclude Include="..\PublicAPI\ECDb\ECDbTypes.h">
      <Filter>PublicApi</Filter>
    </ClInclude>
    <ClInclude Include="..\PublicAPI\ECDb\ECDb.h">
      <Filter>PublicApi</Filter>
    </ClInclude>
    <ClInclude Include="..\PublicAPI\ECDb\ECDbSchemaManager.h">
      <Filter>PublicApi</Filter>
    </ClInclude>
    <ClInclude Include="..\PublicAPI\ECDb\ECSqlBuilder.h">
      <Filter>PublicApi</Filter>
    </ClInclude>
    <ClInclude Include="ECSql\Parser\SqlBison.h">
      <Filter>ECSql\OSQLParser</Filter>
    </ClInclude>
    <ClInclude Include="ECSql\Parser\SqlError.h">
      <Filter>ECSql\OSQLParser</Filter>
    </ClInclude>
    <ClInclude Include="ECSql\Parser\DataType.h">
      <Filter>ECSql\OSQLParser</Filter>
    </ClInclude>
    <ClInclude Include="ECSql\Parser\ErrorCondition.h">
      <Filter>ECSql\OSQLParser</Filter>
    </ClInclude>
    <ClInclude Include="ECSql\Parser\SqlNode.h">
      <Filter>ECSql\OSQLParser</Filter>
    </ClInclude>
    <ClInclude Include="ECSql\Parser\SqlParse.h">
      <Filter>ECSql\OSQLParser</Filter>
    </ClInclude>
    <ClInclude Include="ECSql\Parser\SqlScan.h">
      <Filter>ECSql\OSQLParser</Filter>
    </ClInclude>
    <ClInclude Include="ECSql\Parser\SqlTypes.h">
      <Filter>ECSql\OSQLParser</Filter>
    </ClInclude>
    <ClInclude Include="ECSql\Parser\TextEncoding.h">
      <Filter>ECSql\OSQLParser</Filter>
    </ClInclude>
    <ClInclude Include="ECSql\Parser\InternalNode.h">
      <Filter>ECSql\OSQLParser</Filter>
    </ClInclude>
    <ClInclude Include="ECSql\Parser\IParseContext.h">
      <Filter>ECSql\OSQLParser</Filter>
    </ClInclude>
    <ClInclude Include="ECSchemaComparers.h" />
    <ClInclude Include="..\PublicAPI\ECDb\IECSqlBinder.h">
      <Filter>PublicApi</Filter>
    </ClInclude>
    <ClInclude Include="..\PublicAPI\ECDb\IECSqlValue.h">
      <Filter>PublicApi</Filter>
    </ClInclude>
    <ClInclude Include="..\PublicAPI\ECDb\ECSqlStatement.h">
      <Filter>PublicApi</Filter>
    </ClInclude>
    <ClInclude Include="ECSql\ECSqlField.h">
      <Filter>ECSql\Fields</Filter>
    </ClInclude>
    <ClInclude Include="ECsql\PointMappedToColumnsECSqlField.h">
      <Filter>ECSql\Fields</Filter>
    </ClInclude>
    <ClInclude Include="ECsql\PrimitiveArrayMappedToSingleColumnECSqlField.h">
      <Filter>ECSql\Fields</Filter>
    </ClInclude>
    <ClInclude Include="ECsql\PrimitiveMappedToSingleColumnECSqlField.h">
      <Filter>ECSql\Fields</Filter>
    </ClInclude>
    <ClInclude Include="ECSql\ECSqlPreparer.h">
      <Filter>ECSql\ECSqlPrepare</Filter>
    </ClInclude>
    <ClInclude Include="ECSql\ECSqlPrepareContext.h">
      <Filter>ECSql\ECSqlPrepare</Filter>
    </ClInclude>
    <ClInclude Include="ECSql\StructMappedToColumnsECSqlField.h">
      <Filter>ECSql\Fields</Filter>
    </ClInclude>
    <ClInclude Include="ECSql\StructArrayMappedToSecondaryTableECSqlField.h">
      <Filter>ECSql\Fields</Filter>
    </ClInclude>
    <ClInclude Include="ECDbProfileManager.h">
      <Filter>ECDbProfile</Filter>
    </ClInclude>
    <ClInclude Include="ECDbProfileUpgrader.h">
      <Filter>ECDbProfile</Filter>
    </ClInclude>
    <ClInclude Include="ClassMap.h">
      <Filter>ECDbMap\Map</Filter>
    </ClInclude>
    <ClInclude Include="ClassMapInfo.h">
      <Filter>ECDbMap\Map</Filter>
    </ClInclude>
    <ClInclude Include="RelationshipClassMap.h">
      <Filter>ECDbMap\Map</Filter>
    </ClInclude>
    <ClInclude Include="PropertyMap.h">
      <Filter>ECDbMap\Map</Filter>
    </ClInclude>
    <ClInclude Include="ECSql\ECSqlParser.h">
      <Filter>ECSql\ECSqlParser</Filter>
    </ClInclude>
    <ClInclude Include="ECSql\ECSqlStatementImpl.h">
      <Filter>ECSql\ECSqlStatement</Filter>
    </ClInclude>
    <ClInclude Include="ECSql\ECSqlStatementNoopImpls.h">
      <Filter>ECSql\ECSqlStatement</Filter>
    </ClInclude>
    <ClInclude Include="ECSql\ECSqlParseContext.h">
      <Filter>ECSql\ECSqlParser</Filter>
    </ClInclude>
    <ClInclude Include="ECSql\ComputedExp.h">
      <Filter>ECSql\ECSqlParser</Filter>
    </ClInclude>
    <ClInclude Include="ECSql\ValueExp.h">
      <Filter>ECSql\ECSqlParser</Filter>
    </ClInclude>
    <ClInclude Include="ECSql\ECSqlBinder.h">
      <Filter>ECSql\ParameterBinding</Filter>
    </ClInclude>
    <ClInclude Include="ECSql\StructToColumnsECSqlBinder.h">
      <Filter>ECSql\ParameterBinding</Filter>
    </ClInclude>
    <ClInclude Include="ECSql\ECSqlBinderFactory.h">
      <Filter>ECSql\ParameterBinding</Filter>
    </ClInclude>
    <ClInclude Include="ECSql\PointECSqlBinder.h">
      <Filter>ECSql\ParameterBinding</Filter>
    </ClInclude>
    <ClInclude Include="ECSql\ECSqlTypeInfo.h">
      <Filter>ECSql\ECSqlParser</Filter>
    </ClInclude>
    <ClInclude Include="ViewGenerator.h">
      <Filter>ECDbMap\Map</Filter>
    </ClInclude>
    <ClInclude Include="ECSql\DynamicSelectClauseECClass.h">
      <Filter>ECSql\ECSqlStatement</Filter>
    </ClInclude>
    <ClInclude Include="ECSql\ECSqlFieldFactory.h">
      <Filter>ECSql\Fields</Filter>
    </ClInclude>
    <ClInclude Include="..\PublicAPI\ECDb\ECSqlColumnInfo.h">
      <Filter>PublicApi</Filter>
    </ClInclude>
    <ClInclude Include="ECDbSystemSchemaHelper.h">
      <Filter>ECDbProfile</Filter>
    </ClInclude>
    <ClInclude Include="ECSql\ECSqlStatusContext.h">
      <Filter>ECSql\ECSqlStatement</Filter>
    </ClInclude>
    <ClInclude Include="ECSql\ECSqlStatementBase.h">
      <Filter>ECSql\ECSqlStatement</Filter>
    </ClInclude>
    <ClInclude Include="ECSql\ECSqlPropertyPathImpl.h">
      <Filter>ECSql\ECSqlStatement</Filter>
    </ClInclude>
    <ClInclude Include="ECDbSchemaPersistence.h">
      <Filter>ECDbSchemaManager</Filter>
    </ClInclude>
    <ClInclude Include="ECDbSchemaReader.h">
      <Filter>ECDbSchemaManager</Filter>
    </ClInclude>
    <ClInclude Include="ECDbSchemaWriter.h">
      <Filter>ECDbSchemaManager</Filter>
    </ClInclude>
    <ClInclude Include="ECSql\Parser\SqlBison.hpp">
      <Filter>ECSql\OSQLParser</Filter>
    </ClInclude>
    <ClInclude Include="ECSql\InsertStatementExp.h">
      <Filter>ECSql\ECSqlParser</Filter>
    </ClInclude>
    <ClInclude Include="ECSql\SelectStatementExp.h">
      <Filter>ECSql\ECSqlParser</Filter>
    </ClInclude>
    <ClInclude Include="ECSql\JoinExp.h">
      <Filter>ECSql\ECSqlParser</Filter>
    </ClInclude>
    <ClInclude Include="ECSql\ExpHelper.h">
      <Filter>ECSql\ECSqlParser</Filter>
    </ClInclude>
    <ClInclude Include="ECSql\WhereExp.h">
      <Filter>ECSql\ECSqlParser</Filter>
    </ClInclude>
    <ClInclude Include="ECSql\ClassRefExp.h">
      <Filter>ECSql\ECSqlParser</Filter>
    </ClInclude>
    <ClInclude Include="ECSql\PropertyNameExp.h">
      <Filter>ECSql\ECSqlParser</Filter>
    </ClInclude>
    <ClInclude Include="ECSql\Exp.h">
      <Filter>ECSql\ECSqlParser</Filter>
    </ClInclude>
    <ClInclude Include="ECSql\ListExp.h">
      <Filter>ECSql\ECSqlParser</Filter>
    </ClInclude>
    <ClInclude Include="ECSql\ECSqlInsertPreparer.h">
      <Filter>ECSql\ECSqlPrepare</Filter>
    </ClInclude>
    <ClInclude Include="ECSql\ECSqlPreparedStatement.h">
      <Filter>ECSql\ECSqlStatement</Filter>
    </ClInclude>
    <ClInclude Include="ECDbPolicyManager.h" />
    <ClInclude Include="ECSql\NativeSqlBuilder.h">
      <Filter>ECSql</Filter>
    </ClInclude>
    <ClInclude Include="ECSql\UpdateStatementExp.h">
      <Filter>ECSql\ECSqlParser</Filter>
    </ClInclude>
    <ClInclude Include="ECSql\DeleteStatementExp.h">
      <Filter>ECSql\ECSqlParser</Filter>
    </ClInclude>
    <ClInclude Include="ECSql\ECSqlUpdatePreparer.h">
      <Filter>ECSql\ECSqlPrepare</Filter>
    </ClInclude>
    <ClInclude Include="ECSql\ECSqlDeletePreparer.h">
      <Filter>ECSql\ECSqlPrepare</Filter>
    </ClInclude>
    <ClInclude Include="ECSql\ECSqlSelectPreparer.h">
      <Filter>ECSql\ECSqlPrepare</Filter>
    </ClInclude>
    <ClInclude Include="ECSql\ECSqlPropertyNameExpPreparer.h">
      <Filter>ECSql\ECSqlPrepare</Filter>
    </ClInclude>
    <ClInclude Include="ECSql\StructArrayToSecondaryTableECSqlBinder.h">
      <Filter>ECSql\ParameterBinding</Filter>
    </ClInclude>
    <ClInclude Include="ECSql\PrimitiveArrayToColumnECSqlBinder.h">
      <Filter>ECSql\ParameterBinding</Filter>
    </ClInclude>
    <ClInclude Include="..\PublicAPI\ECDb\ECJsonUtility.h">
      <Filter>PublicApi</Filter>
    </ClInclude>
    <ClInclude Include="..\PublicAPI\ECDb\ECInstanceId.h">
      <Filter>PublicApi</Filter>
    </ClInclude>
    <ClInclude Include="SystemPropertyMap.h">
      <Filter>ECDbMap\Map</Filter>
    </ClInclude>
    <ClInclude Include="..\PublicAPI\ECDb\ECRelationshipPath.h">
      <Filter>PublicApi</Filter>
    </ClInclude>
    <ClInclude Include="ClassMapFactory.h">
      <Filter>ECDbMap\Map</Filter>
    </ClInclude>
    <ClInclude Include="ClassMapSubclasses.h">
      <Filter>ECDbMap\Map</Filter>
    </ClInclude>
    <ClInclude Include="ECSql\ECSqlParameterValue.h">
      <Filter>ECSql\ParameterBinding</Filter>
    </ClInclude>
    <ClInclude Include="ECSql\IECSqlPrimitiveValue.h">
      <Filter>ECSql\ECSqlStatement</Filter>
    </ClInclude>
    <ClInclude Include="ECSql\IECSqlPrimitiveBinder.h">
      <Filter>ECSql\ECSqlStatement</Filter>
    </ClInclude>
    <ClInclude Include="ECDbLogger.h" />
    <ClInclude Include="ECSql\PrimitiveToSingleColumnECSqlBinder.h">
      <Filter>ECSql\ParameterBinding</Filter>
    </ClInclude>
    <ClInclude Include="ECSql\ECSqlStepTask.h">
      <Filter>ECSql\StepTask</Filter>
    </ClInclude>
    <ClInclude Include="ECSchemaValidator.h">
      <Filter>ECDbSchemaManager</Filter>
    </ClInclude>
    <ClInclude Include="..\PublicAPI\ECDb\ECInstanceFinder.h">
      <Filter>PublicApi</Filter>
    </ClInclude>
    <ClInclude Include="ECSql\EmbeddedECSqlStatement.h">
      <Filter>ECSql\ECSqlStatement</Filter>
    </ClInclude>
    <ClInclude Include="SchemaImportContext.h">
      <Filter>ECDbSchemaManager</Filter>
    </ClInclude>
    <ClInclude Include="ECSql\ECInstanceAdapterHelper.h">
      <Filter>ECSql\Adapters</Filter>
    </ClInclude>
    <ClInclude Include="..\PublicAPI\ECDb\ECInstanceAdapter.h">
      <Filter>PublicApi</Filter>
    </ClInclude>
    <ClInclude Include="..\PublicAPI\ECDb\JsonAdapter.h">
      <Filter>PublicApi</Filter>
    </ClInclude>
    <ClInclude Include="ECSql\ECSqlEventManager.h">
      <Filter>ECSql\ECSqlStatement</Filter>
    </ClInclude>
    <ClInclude Include="ECSql\JsonReaderImpl.h">
      <Filter>ECSql\Adapters</Filter>
    </ClInclude>
    <ClInclude Include="ECSql\SystemPropertyECSqlBinder.h">
      <Filter>ECSql\ParameterBinding</Filter>
    </ClInclude>
    <ClInclude Include="ECDbImpl.h">
      <Filter>ECDb</Filter>
    </ClInclude>
    <ClInclude Include="..\PublicAPI\ECDb\ECDb.h">
      <Filter>PublicApi</Filter>
    </ClInclude>
    <ClInclude Include="..\PublicAPI\ECDb\ECDbSchemaManager.h">
      <Filter>PublicApi</Filter>
    </ClInclude>
    <ClInclude Include="..\PublicAPI\ECDb\ECDbTypes.h">
      <Filter>PublicApi</Filter>
    </ClInclude>
    <ClInclude Include="..\PublicAPI\ECDb\ECInstanceAdapter.h">
      <Filter>PublicApi</Filter>
    </ClInclude>
    <ClInclude Include="..\PublicAPI\ECDb\ECInstanceFinder.h">
      <Filter>PublicApi</Filter>
    </ClInclude>
    <ClInclude Include="..\PublicAPI\ECDb\ECInstanceId.h">
      <Filter>PublicApi</Filter>
    </ClInclude>
    <ClInclude Include="..\PublicAPI\ECDb\ECJsonUtility.h">
      <Filter>PublicApi</Filter>
    </ClInclude>
    <ClInclude Include="..\PublicAPI\ECDb\ECRelationshipPath.h">
      <Filter>PublicApi</Filter>
    </ClInclude>
    <ClInclude Include="..\PublicAPI\ECDb\ECSqlBuilder.h">
      <Filter>PublicApi</Filter>
    </ClInclude>
    <ClInclude Include="..\PublicAPI\ECDb\ECSqlColumnInfo.h">
      <Filter>PublicApi</Filter>
    </ClInclude>
    <ClInclude Include="..\PublicAPI\ECDb\ECSqlStatement.h">
      <Filter>PublicApi</Filter>
    </ClInclude>
    <ClInclude Include="..\PublicAPI\ECDb\IECSqlBinder.h">
      <Filter>PublicApi</Filter>
    </ClInclude>
    <ClInclude Include="..\PublicAPI\ECDb\IECSqlValue.h">
      <Filter>PublicApi</Filter>
    </ClInclude>
    <ClInclude Include="..\PublicAPI\ECDb\JsonAdapter.h">
      <Filter>PublicApi</Filter>
    </ClInclude>
    <ClInclude Include="MapStrategy.h">
      <Filter>ECDbMap\Map</Filter>
    </ClInclude>
    <ClInclude Include="..\PublicAPI\ECDb\ECDbApi.h" />
    <ClInclude Include="ECSql\SystemColumnPreparer.h">
      <Filter>ECSql\ECSqlPrepare</Filter>
    </ClInclude>
    <ClInclude Include="..\PublicAPI\ECDb\ECDbApi.h" />
    <ClInclude Include="..\PublicAPI\ECDb\ECDbApi.h" />
    <ClInclude Include="BeRepositoryBasedIdSequence.h" />
    <ClInclude Include="ECDbSql.h">
      <Filter>ECDbMap</Filter>
    </ClInclude>
    <ClInclude Include="ColumnInfo.h">
      <Filter>ECDbMap</Filter>
    </ClInclude>
    <ClInclude Include="ECDbMap.h">
      <Filter>ECDbMap\Map</Filter>
    </ClInclude>
    <ClInclude Include="ECDbPch.h">
      <Filter>Mke</Filter>
    </ClInclude>
    <ClInclude Include="..\PublicAPI\ECDb\ECDbApi.h">
      <Filter>PublicApi</Filter>
    </ClInclude>
    <ClInclude Include="..\PublicAPI\ECDb\ChangeSummary.h">
      <Filter>PublicApi</Filter>
    </ClInclude>
  </ItemGroup>
  <ItemGroup>
    <None Include="ECDb.mke">
      <Filter>Mke</Filter>
    </None>
    <None Include="ECSql\parser\sqlbison.y">
      <Filter>ECSql\OSQLParser</Filter>
    </None>
    <None Include="ECSql\parser\sqlflex.l">
      <Filter>ECSql\OSQLParser</Filter>
    </None>
    <None Include="ECSql\Parser\LICENSE">
      <Filter>ECSql\OSQLParser</Filter>
    </None>
    <None Include="ECSql\Parser\NOTICE">
      <Filter>ECSql\OSQLParser</Filter>
    </None>
    <None Include="docs\preparedocgeneration.mke">
      <Filter>docs</Filter>
    </None>
    <None Include="ECDbPolicy.mki">
      <Filter>Mke</Filter>
    </None>
    <None Include="docs\source\ECSQL.overviewPage">
      <Filter>docs\source</Filter>
    </None>
    <None Include="docs\source\ECDb.overviewPage">
      <Filter>docs\source</Filter>
    </None>
    <None Include="docs\source\ECDbExamples.overviewPage">
      <Filter>docs\source</Filter>
    </None>
    <None Include="docs\source\ECSqlStatement.overviewPage">
      <Filter>docs\source</Filter>
    </None>
  </ItemGroup>
  <ItemGroup>
    <ClCompile Include="BeRepositoryBasedIdSequence.cpp" />
    <ClCompile Include="ECSql\Parser\SqlBison.cpp">
      <Filter>ECSql\OSQLParser</Filter>
    </ClCompile>
    <ClCompile Include="ECSql\Parser\SqlError.cpp">
      <Filter>ECSql\OSQLParser</Filter>
    </ClCompile>
    <ClCompile Include="ECSql\Parser\SqlFlex.cpp">
      <Filter>ECSql\OSQLParser</Filter>
    </ClCompile>
    <ClCompile Include="ECSql\Parser\SqlNode.cpp">
      <Filter>ECSql\OSQLParser</Filter>
    </ClCompile>
    <ClCompile Include="ECSql\Parser\InternalNode.cpp">
      <Filter>ECSql\OSQLParser</Filter>
    </ClCompile>
    <ClCompile Include="ECSql\ECSqlParseTreeFormatter.cpp">
      <Filter>ECSql</Filter>
    </ClCompile>
    <ClCompile Include="ECSchemaComparers.cpp" />
    <ClCompile Include="ECSql\ECSqlField.cpp">
      <Filter>ECSql\Fields</Filter>
    </ClCompile>
    <ClCompile Include="ECSql\PrimitiveArrayMappedToSingleColumnECSqlField.cpp">
      <Filter>ECSql\Fields</Filter>
    </ClCompile>
    <ClCompile Include="ECSql\PrimitiveMappedToSingleColumnECSqlField.cpp">
      <Filter>ECSql\Fields</Filter>
    </ClCompile>
    <ClCompile Include="ECsql\PointMappedToColumnsECSqlField.cpp">
      <Filter>ECSql\Fields</Filter>
    </ClCompile>
    <ClCompile Include="ECSql\ECSqlPreparer.cpp">
      <Filter>ECSql\ECSqlPrepare</Filter>
    </ClCompile>
    <ClCompile Include="ECSql\ECSqlPrepareContext.cpp">
      <Filter>ECSql\ECSqlPrepare</Filter>
    </ClCompile>
    <ClCompile Include="ECSql\StructMappedToColumnsECSqlField.cpp">
      <Filter>ECSql\Fields</Filter>
    </ClCompile>
    <ClCompile Include="ECSql\StructArrayMappedToSecondaryTableECSqlField.cpp">
      <Filter>ECSql\Fields</Filter>
    </ClCompile>
    <ClCompile Include="ECDbProfileManager.cpp">
      <Filter>ECDbProfile</Filter>
    </ClCompile>
    <ClCompile Include="ECDbProfileUpgrader.cpp">
      <Filter>ECDbProfile</Filter>
    </ClCompile>
    <ClCompile Include="ECDbSchemaManager.cpp">
      <Filter>ECDbSchemaManager</Filter>
    </ClCompile>
    <ClCompile Include="ClassMap.cpp">
      <Filter>ECDbMap\Map</Filter>
    </ClCompile>
    <ClCompile Include="ClassMapInfo.cpp">
      <Filter>ECDbMap\Map</Filter>
    </ClCompile>
    <ClCompile Include="PropertyMap.cpp">
      <Filter>ECDbMap\Map</Filter>
    </ClCompile>
    <ClCompile Include="RelationshipClassMap.cpp">
      <Filter>ECDbMap\Map</Filter>
    </ClCompile>
    <ClCompile Include="ECSql\ECSqlParser.cpp">
      <Filter>ECSql\ECSqlParser</Filter>
    </ClCompile>
    <ClCompile Include="ECSql\ECSqlStatementScenarios.cpp">
      <Filter>ECSql\ECSqlStatement</Filter>
    </ClCompile>
    <ClCompile Include="ECSql\ECSqlStatement.cpp">
      <Filter>ECSql\ECSqlStatement</Filter>
    </ClCompile>
    <ClCompile Include="ECSql\ECSqlStatementImpl.cpp">
      <Filter>ECSql\ECSqlStatement</Filter>
    </ClCompile>
    <ClCompile Include="ECSql\ECSqlStatementNoopImpls.cpp">
      <Filter>ECSql\ECSqlStatement</Filter>
    </ClCompile>
    <ClCompile Include="ECSql\ECSqlParseContext.cpp">
      <Filter>ECSql\ECSqlParser</Filter>
    </ClCompile>
    <ClCompile Include="ECSql\ComputedExp.cpp">
      <Filter>ECSql\ECSqlParser</Filter>
    </ClCompile>
    <ClCompile Include="ECSql\ValueExp.cpp">
      <Filter>ECSql\ECSqlParser</Filter>
    </ClCompile>
    <ClCompile Include="ECSql\ECSqlBinder.cpp">
      <Filter>ECSql\ParameterBinding</Filter>
    </ClCompile>
    <ClCompile Include="ECSql\StructToColumnsECSqlBinder.cpp">
      <Filter>ECSql\ParameterBinding</Filter>
    </ClCompile>
    <ClCompile Include="ECSql\ECSqlBinderFactory.cpp">
      <Filter>ECSql\ParameterBinding</Filter>
    </ClCompile>
    <ClCompile Include="ECSql\PointECSqlBinder.cpp">
      <Filter>ECSql\ParameterBinding</Filter>
    </ClCompile>
    <ClCompile Include="ECSql\ECSqlTypeInfo.cpp">
      <Filter>ECSql\ECSqlParser</Filter>
    </ClCompile>
    <ClCompile Include="ViewGenerator.cpp">
      <Filter>ECDbMap\Map</Filter>
    </ClCompile>
    <ClCompile Include="ECSql\IECSqlValue.cpp">
      <Filter>ECSql\ECSqlStatement</Filter>
    </ClCompile>
    <ClCompile Include="ECSql\IECSqlBinder.cpp">
      <Filter>ECSql\ECSqlStatement</Filter>
    </ClCompile>
    <ClCompile Include="ECSql\DynamicSelectClauseECClass.cpp">
      <Filter>ECSql\ECSqlStatement</Filter>
    </ClCompile>
    <ClCompile Include="ECSql\ECSqlColumnInfo.cpp">
      <Filter>ECSql\ECSqlStatement</Filter>
    </ClCompile>
    <ClCompile Include="ECSql\JsonECSqlSelectAdapter.cpp">
      <Filter>ECSql\Adapters</Filter>
    </ClCompile>
    <ClCompile Include="ECDbSystemSchemaHelper.cpp">
      <Filter>ECDbProfile</Filter>
    </ClCompile>
    <ClCompile Include="ECSql\ECSqlStatusContext.cpp">
      <Filter>ECSql\ECSqlStatement</Filter>
    </ClCompile>
    <ClCompile Include="ECSql\ECSqlFieldFactory.cpp">
      <Filter>ECSql\Fields</Filter>
    </ClCompile>
    <ClCompile Include="ECSql\ECSqlStatementBase.cpp">
      <Filter>ECSql\ECSqlStatement</Filter>
    </ClCompile>
    <ClCompile Include="ECSql\ECSqlPropertyPathImpl.cpp">
      <Filter>ECSql\ECSqlStatement</Filter>
    </ClCompile>
    <ClCompile Include="ECDbSchemaPersistence.cpp">
      <Filter>ECDbSchemaManager</Filter>
    </ClCompile>
    <ClCompile Include="ECDbSchemaReader.cpp">
      <Filter>ECDbSchemaManager</Filter>
    </ClCompile>
    <ClCompile Include="ECDbSchemaWriter.cpp">
      <Filter>ECDbSchemaManager</Filter>
    </ClCompile>
    <ClCompile Include="docs\samplecode\ECDb.sample.cpp">
      <Filter>docs\samplecode</Filter>
    </ClCompile>
    <ClCompile Include="docs\samplecode\ECDbCRUD.sample.cpp">
      <Filter>docs\samplecode</Filter>
    </ClCompile>
    <ClCompile Include="docs\samplecode\ECDbCRUDAdapters.sample.cpp">
      <Filter>docs\samplecode</Filter>
    </ClCompile>
    <ClCompile Include="ECDb.cpp">
      <Filter>ECDb</Filter>
    </ClCompile>
    <ClCompile Include="ECSql\InsertStatementExp.cpp">
      <Filter>ECSql\ECSqlParser</Filter>
    </ClCompile>
    <ClCompile Include="ECSql\SelectStatementExp.cpp">
      <Filter>ECSql\ECSqlParser</Filter>
    </ClCompile>
    <ClCompile Include="ECSql\JoinExp.cpp">
      <Filter>ECSql\ECSqlParser</Filter>
    </ClCompile>
    <ClCompile Include="ECSql\ExpHelper.cpp">
      <Filter>ECSql\ECSqlParser</Filter>
    </ClCompile>
    <ClCompile Include="ECSql\WhereExp.cpp">
      <Filter>ECSql\ECSqlParser</Filter>
    </ClCompile>
    <ClCompile Include="ECSql\ClassRefExp.cpp">
      <Filter>ECSql\ECSqlParser</Filter>
    </ClCompile>
    <ClCompile Include="ECSql\PropertyNameExp.cpp">
      <Filter>ECSql\ECSqlParser</Filter>
    </ClCompile>
    <ClCompile Include="ECSql\Exp.cpp">
      <Filter>ECSql\ECSqlParser</Filter>
    </ClCompile>
    <ClCompile Include="ECSql\ListExp.cpp">
      <Filter>ECSql\ECSqlParser</Filter>
    </ClCompile>
    <ClCompile Include="ECSql\ECSqlInsertPreparer.cpp">
      <Filter>ECSql\ECSqlPrepare</Filter>
    </ClCompile>
    <ClCompile Include="ECSql\ECSqlPreparedStatement.cpp">
      <Filter>ECSql\ECSqlStatement</Filter>
    </ClCompile>
    <ClCompile Include="ECSqlBuilder.cpp">
      <Filter>ECSql</Filter>
    </ClCompile>
    <ClCompile Include="ECSqlBuilderClauses.cpp">
      <Filter>ECSql</Filter>
    </ClCompile>
    <ClCompile Include="ECDbPolicyManager.cpp" />
    <ClCompile Include="ECSql\NativeSqlBuilder.cpp">
      <Filter>ECSql</Filter>
    </ClCompile>
    <ClCompile Include="ECSql\UpdateStatementExp.cpp">
      <Filter>ECSql\ECSqlParser</Filter>
    </ClCompile>
    <ClCompile Include="ECSql\DeleteStatementExp.cpp">
      <Filter>ECSql\ECSqlParser</Filter>
    </ClCompile>
    <ClCompile Include="ECSql\ECSqlUpdatePreparer.cpp">
      <Filter>ECSql\ECSqlPrepare</Filter>
    </ClCompile>
    <ClCompile Include="ECSql\ECSqlDeletePreparer.cpp">
      <Filter>ECSql\ECSqlPrepare</Filter>
    </ClCompile>
    <ClCompile Include="ECSql\ECSqlSelectPreparer.cpp">
      <Filter>ECSql\ECSqlPrepare</Filter>
    </ClCompile>
    <ClCompile Include="ECSql\ECSqlPropertyNameExpPreparer.cpp">
      <Filter>ECSql\ECSqlPrepare</Filter>
    </ClCompile>
    <ClCompile Include="ECSql\StructArrayToSecondaryTableECSqlBinder.cpp">
      <Filter>ECSql\ParameterBinding</Filter>
    </ClCompile>
    <ClCompile Include="ECSql\PrimitiveArrayToColumnECSqlBinder.cpp">
      <Filter>ECSql\ParameterBinding</Filter>
    </ClCompile>
    <ClCompile Include="ECSql\ECInstanceECSqlSelectAdapter.cpp">
      <Filter>ECSql\Adapters</Filter>
    </ClCompile>
    <ClCompile Include="ECSql\ECInstanceInserter.cpp">
      <Filter>ECSql\Adapters</Filter>
    </ClCompile>
    <ClCompile Include="ECInstanceFinder.cpp">
      <Filter>ECSql\Adapters</Filter>
    </ClCompile>
    <ClCompile Include="ECSql\ECInstanceDeleter.cpp">
      <Filter>ECSql\Adapters</Filter>
    </ClCompile>
    <ClCompile Include="SystemPropertyMap.cpp">
      <Filter>ECDbMap\Map</Filter>
    </ClCompile>
    <ClCompile Include="ECSql\ECRelationshipPath.cpp">
      <Filter>ECSql\Adapters</Filter>
    </ClCompile>
    <ClCompile Include="ECSql\ECInstanceUpdater.cpp">
      <Filter>ECSql\Adapters</Filter>
    </ClCompile>
    <ClCompile Include="ClassMapFactory.cpp">
      <Filter>ECDbMap\Map</Filter>
    </ClCompile>
    <ClCompile Include="ClassMapSubclasses.cpp">
      <Filter>ECDbMap\Map</Filter>
    </ClCompile>
    <ClCompile Include="ECSql\ECSqlParameterValue.cpp">
      <Filter>ECSql\ParameterBinding</Filter>
    </ClCompile>
    <ClCompile Include="ECDbLogger.cpp" />
    <ClCompile Include="ECSql\PrimitiveToSingleColumnECSqlBinder.cpp">
      <Filter>ECSql\ParameterBinding</Filter>
    </ClCompile>
    <ClCompile Include="ECSchemaValidator.cpp">
      <Filter>ECDbSchemaManager</Filter>
    </ClCompile>
    <ClCompile Include="ECSql\ECSqlStepTask.cpp">
      <Filter>ECSql\StepTask</Filter>
    </ClCompile>
    <ClCompile Include="SchemaImportContext.cpp">
      <Filter>ECDbSchemaManager</Filter>
    </ClCompile>
    <ClCompile Include="ECSql\EmbeddedECSqlStatement.cpp">
      <Filter>ECSql\ECSqlStatement</Filter>
    </ClCompile>
    <ClCompile Include="ECSql\ECJsonUtility.cpp">
      <Filter>ECSql\Adapters</Filter>
    </ClCompile>
    <ClCompile Include="ECSql\ECSqlEventManager.cpp">
      <Filter>ECSql\ECSqlStatement</Filter>
    </ClCompile>
    <ClCompile Include="ECSql\ECInstanceAdapterHelper.cpp">
      <Filter>ECSql\Adapters</Filter>
    </ClCompile>
    <ClCompile Include="ECSql\JsonInserter.cpp">
      <Filter>ECSql\Adapters</Filter>
    </ClCompile>
    <ClCompile Include="ECSql\JsonUpdater.cpp">
      <Filter>ECSql\Adapters</Filter>
    </ClCompile>
    <ClCompile Include="ECSql\JsonDeleter.cpp">
      <Filter>ECSql\Adapters</Filter>
    </ClCompile>
    <ClCompile Include="ECSql\JsonReader.cpp">
      <Filter>ECSql\Adapters</Filter>
    </ClCompile>
    <ClCompile Include="ECSql\JsonReaderImpl.cpp">
      <Filter>ECSql\Adapters</Filter>
    </ClCompile>
    <ClCompile Include="ECSql\SystemPropertyECSqlBinder.cpp">
      <Filter>ECSql\ParameterBinding</Filter>
    </ClCompile>
    <ClCompile Include="ECDbImpl.cpp">
      <Filter>ECDb</Filter>
    </ClCompile>
    <ClCompile Include="ECSql\ECSqlStatementCache.cpp">
      <Filter>ECSql\ECSqlStatement</Filter>
    </ClCompile>
    <ClCompile Include="ECSql\SystemColumnPreparer.cpp">
      <Filter>ECSql\ECSqlPrepare</Filter>
    </ClCompile>
    <ClCompile Include="MapStrategy.cpp">
      <Filter>ECDbMap\Map</Filter>
    </ClCompile>
    <ClCompile Include="ECDbSql.cpp">
      <Filter>ECDbMap</Filter>
    </ClCompile>
    <ClCompile Include="ColumnInfo.cpp">
      <Filter>ECDbMap</Filter>
    </ClCompile>
    <ClCompile Include="ECDbMap.cpp">
      <Filter>ECDbMap\Map</Filter>
    </ClCompile>
    <ClCompile Include="ECDbPch.cpp">
      <Filter>Mke</Filter>
    </ClCompile>
    <ClCompile Include="ECInstanceId.cpp" />
  </ItemGroup>
  <ItemGroup>
    <Xml Include="ECSchemas\ECDb_FileInfo.01.00.ecschema.xml">
      <Filter>ECSchemas</Filter>
    </Xml>
  </ItemGroup>
</Project>