<?xml version="1.0" encoding="utf-8"?>
<Project ToolsVersion="4.0" xmlns="http://schemas.microsoft.com/developer/msbuild/2003">
  <ItemGroup>
    <Filter Include="Resource Files">
      <UniqueIdentifier>{67DA6AB6-F800-4c08-8B7A-83BB121AAD01}</UniqueIdentifier>
      <Extensions>rc;ico;cur;bmp;dlg;rc2;rct;bin;rgs;gif;jpg;jpeg;jpe;resx;tiff;tif;png;wav;mfcribbon-ms</Extensions>
    </Filter>
    <Filter Include="Utils">
      <UniqueIdentifier>{a5f98df3-9824-4631-bb9f-0b520ab401dd}</UniqueIdentifier>
    </Filter>
    <Filter Include="Schema">
      <UniqueIdentifier>{63a23246-07cc-48b0-bf8f-23cbfc20be92}</UniqueIdentifier>
    </Filter>
    <Filter Include="PublicAPI">
      <UniqueIdentifier>{d910926c-3714-473a-92e9-0443d2ae49d0}</UniqueIdentifier>
    </Filter>
    <Filter Include="Mke">
      <UniqueIdentifier>{4946b62f-72d3-4ea8-a292-5609a8727bcf}</UniqueIdentifier>
    </Filter>
    <Filter Include="Bentley Build Files">
      <UniqueIdentifier>{f8c90184-7912-450a-a7ef-0bac91a287ed}</UniqueIdentifier>
    </Filter>
    <Filter Include="Profiles">
      <UniqueIdentifier>{df99f558-93f9-4e56-a750-3f81c356a214}</UniqueIdentifier>
    </Filter>
  </ItemGroup>
  <ItemGroup>
    <ClCompile Include="ProfilesDomain.cpp" />
    <ClCompile Include="ProfilesDomainUtilities.cpp" />
    <ClCompile Include="ProfilesPartition.cpp" />
    <ClCompile Include="ProfilesModel.cpp" />
    <ClCompile Include="Profile.cpp">
      <Filter>Profiles</Filter>
    </ClCompile>
    <ClCompile Include="ConstantProfile.cpp">
      <Filter>Profiles</Filter>
    </ClCompile>
    <ClCompile Include="BuiltUpProfile.cpp">
      <Filter>Profiles</Filter>
    </ClCompile>
    <ClCompile Include="BuiltUpProfileComponent.cpp">
      <Filter>Profiles</Filter>
    </ClCompile>
    <ClCompile Include="ParametricProfile.cpp">
      <Filter>Profiles</Filter>
    </ClCompile>
  </ItemGroup>
  <ItemGroup>
    <None Include="Profiles.mke">
      <Filter>Mke</Filter>
    </None>
    <None Include="Profiles.prewire.mke">
      <Filter>Mke</Filter>
    </None>
    <None Include="ProfilesCompileOptions.mki">
      <Filter>Mke</Filter>
    </None>
  </ItemGroup>
  <ItemGroup>
    <Xml Include="ProfilesDomain.Partfile.xml">
      <Filter>Bentley Build Files</Filter>
    </Xml>
    <Xml Include="Profiles.ecschema.xml">
      <Filter>Schema</Filter>
    </Xml>
  </ItemGroup>
  <ItemGroup>
    <ClInclude Include="PublicAPI\BuiltUpProfile.h">
      <Filter>PublicAPI</Filter>
    </ClInclude>
    <ClInclude Include="PublicAPI\BuiltUpProfileComponent.h">
      <Filter>PublicAPI</Filter>
    </ClInclude>
    <ClInclude Include="PublicAPI\ConstantProfile.h">
      <Filter>PublicAPI</Filter>
    </ClInclude>
    <ClInclude Include="PublicAPI\ParametricProfile.h">
      <Filter>PublicAPI</Filter>
    </ClInclude>
    <ClInclude Include="PublicAPI\Profile.h">
      <Filter>PublicAPI</Filter>
    </ClInclude>
    <ClInclude Include="PublicAPI\ProfilesDomain.h">
      <Filter>PublicAPI</Filter>
    </ClInclude>
    <ClInclude Include="PublicAPI\ProfilesDomainApi.h">
      <Filter>PublicAPI</Filter>
    </ClInclude>
    <ClInclude Include="PublicAPI\ProfilesDomainDefinitions.h">
      <Filter>PublicAPI</Filter>
    </ClInclude>
    <ClInclude Include="PublicAPI\ProfilesDomainUtilities.h">
      <Filter>PublicAPI</Filter>
    </ClInclude>
    <ClInclude Include="PublicAPI\ProfilesModel.h">
      <Filter>PublicAPI</Filter>
    </ClInclude>
    <ClInclude Include="PublicAPI\ProfilesPartition.h">
      <Filter>PublicAPI</Filter>
    </ClInclude>
  </ItemGroup>
</Project>